
Microsoft Visual Studio Solution File, Format Version 12.00
# Visual Studio Version 16
VisualStudioVersion = 16.0.28803.202
MinimumVisualStudioVersion = 10.0.40219.1
Project("{8BC9CEB8-8B4A-11D0-8D11-00A0C91BC942}") = "SWEA_4013", "SWEA_4013\SWEA_4013.vcxproj", "{D83BD631-E547-47FF-AFCC-722816508949}"
EndProject
Project("{8BC9CEB8-8B4A-11D0-8D11-00A0C91BC942}") = "Project1", "Project1\Project1.vcxproj", "{826FD603-57FA-4DDD-8994-55A9842B66B4}"
EndProject
Global
	GlobalSection(SolutionConfigurationPlatforms) = preSolution
		Debug|x64 = Debug|x64
		Debug|x86 = Debug|x86
		Release|x64 = Release|x64
		Release|x86 = Release|x86
	EndGlobalSection
	GlobalSection(ProjectConfigurationPlatforms) = postSolution
		{D83BD631-E547-47FF-AFCC-722816508949}.Debug|x64.ActiveCfg = Debug|x64
		{D83BD631-E547-47FF-AFCC-722816508949}.Debug|x64.Build.0 = Debug|x64
		{D83BD631-E547-47FF-AFCC-722816508949}.Debug|x86.ActiveCfg = Debug|Win32
		{D83BD631-E547-47FF-AFCC-722816508949}.Debug|x86.Build.0 = Debug|Win32
		{D83BD631-E547-47FF-AFCC-722816508949}.Release|x64.ActiveCfg = Release|x64
		{D83BD631-E547-47FF-AFCC-722816508949}.Release|x64.Build.0 = Release|x64
		{D83BD631-E547-47FF-AFCC-722816508949}.Release|x86.ActiveCfg = Release|Win32
		{D83BD631-E547-47FF-AFCC-722816508949}.Release|x86.Build.0 = Release|Win32
		{826FD603-57FA-4DDD-8994-55A9842B66B4}.Debug|x64.ActiveCfg = Debug|x64
		{826FD603-57FA-4DDD-8994-55A9842B66B4}.Debug|x64.Build.0 = Debug|x64
		{826FD603-57FA-4DDD-8994-55A9842B66B4}.Debug|x86.ActiveCfg = Debug|Win32
		{826FD603-57FA-4DDD-8994-55A9842B66B4}.Debug|x86.Build.0 = Debug|Win32
		{826FD603-57FA-4DDD-8994-55A9842B66B4}.Release|x64.ActiveCfg = Release|x64
		{826FD603-57FA-4DDD-8994-55A9842B66B4}.Release|x64.Build.0 = Release|x64
		{826FD603-57FA-4DDD-8994-55A9842B66B4}.Release|x86.ActiveCfg = Release|Win32
		{826FD603-57FA-4DDD-8994-55A9842B66B4}.Release|x86.Build.0 = Release|Win32
	EndGlobalSection
	GlobalSection(SolutionProperties) = preSolution
		HideSolutionNode = FALSE
	EndGlobalSection
	GlobalSection(ExtensibilityGlobals) = postSolution
		SolutionGuid = {25C265EE-1CFF-4151-88AF-4CC5F5FF4024}
	EndGlobalSection
EndGlobal
