
Microsoft Visual Studio Solution File, Format Version 12.00
# Visual Studio Version 16
VisualStudioVersion = 16.0.29613.14
MinimumVisualStudioVersion = 10.0.40219.1
Project("{8BC9CEB8-8B4A-11D0-8D11-00A0C91BC942}") = "Project4", "Project4\Project4.vcxproj", "{D70D1AD6-9415-460C-AE90-7D6FE088640F}"
EndProject
Global
	GlobalSection(SolutionConfigurationPlatforms) = preSolution
		Debug|x64 = Debug|x64
		Debug|x86 = Debug|x86
		Release|x64 = Release|x64
		Release|x86 = Release|x86
	EndGlobalSection
	GlobalSection(ProjectConfigurationPlatforms) = postSolution
		{D70D1AD6-9415-460C-AE90-7D6FE088640F}.Debug|x64.ActiveCfg = Debug|x64
		{D70D1AD6-9415-460C-AE90-7D6FE088640F}.Debug|x64.Build.0 = Debug|x64
		{D70D1AD6-9415-460C-AE90-7D6FE088640F}.Debug|x86.ActiveCfg = Debug|Win32
		{D70D1AD6-9415-460C-AE90-7D6FE088640F}.Debug|x86.Build.0 = Debug|Win32
		{D70D1AD6-9415-460C-AE90-7D6FE088640F}.Release|x64.ActiveCfg = Release|x64
		{D70D1AD6-9415-460C-AE90-7D6FE088640F}.Release|x64.Build.0 = Release|x64
		{D70D1AD6-9415-460C-AE90-7D6FE088640F}.Release|x86.ActiveCfg = Release|Win32
		{D70D1AD6-9415-460C-AE90-7D6FE088640F}.Release|x86.Build.0 = Release|Win32
	EndGlobalSection
	GlobalSection(SolutionProperties) = preSolution
		HideSolutionNode = FALSE
	EndGlobalSection
	GlobalSection(ExtensibilityGlobals) = postSolution
		SolutionGuid = {AE01CFDD-7AE0-4EC9-98AB-B7A000AD7203}
	EndGlobalSection
EndGlobal
