
Microsoft Visual Studio Solution File, Format Version 12.00
# Visual Studio Version 16
VisualStudioVersion = 16.0.28803.202
MinimumVisualStudioVersion = 10.0.40219.1
Project("{8BC9CEB8-8B4A-11D0-8D11-00A0C91BC942}") = "BOJ_1707", "BOJ_1707\BOJ_1707.vcxproj", "{87C37A0C-E1F8-42B0-A6B3-39B0428E56BD}"
EndProject
Global
	GlobalSection(SolutionConfigurationPlatforms) = preSolution
		Debug|x64 = Debug|x64
		Debug|x86 = Debug|x86
		Release|x64 = Release|x64
		Release|x86 = Release|x86
	EndGlobalSection
	GlobalSection(ProjectConfigurationPlatforms) = postSolution
		{87C37A0C-E1F8-42B0-A6B3-39B0428E56BD}.Debug|x64.ActiveCfg = Debug|x64
		{87C37A0C-E1F8-42B0-A6B3-39B0428E56BD}.Debug|x64.Build.0 = Debug|x64
		{87C37A0C-E1F8-42B0-A6B3-39B0428E56BD}.Debug|x86.ActiveCfg = Debug|Win32
		{87C37A0C-E1F8-42B0-A6B3-39B0428E56BD}.Debug|x86.Build.0 = Debug|Win32
		{87C37A0C-E1F8-42B0-A6B3-39B0428E56BD}.Release|x64.ActiveCfg = Release|x64
		{87C37A0C-E1F8-42B0-A6B3-39B0428E56BD}.Release|x64.Build.0 = Release|x64
		{87C37A0C-E1F8-42B0-A6B3-39B0428E56BD}.Release|x86.ActiveCfg = Release|Win32
		{87C37A0C-E1F8-42B0-A6B3-39B0428E56BD}.Release|x86.Build.0 = Release|Win32
	EndGlobalSection
	GlobalSection(SolutionProperties) = preSolution
		HideSolutionNode = FALSE
	EndGlobalSection
	GlobalSection(ExtensibilityGlobals) = postSolution
		SolutionGuid = {B03A29C1-5B0B-499D-BF38-DB401DE3F5FD}
	EndGlobalSection
EndGlobal
