
Microsoft Visual Studio Solution File, Format Version 12.00
# Visual Studio Version 16
VisualStudioVersion = 16.0.28803.202
MinimumVisualStudioVersion = 10.0.40219.1
Project("{8BC9CEB8-8B4A-11D0-8D11-00A0C91BC942}") = "BOJ_2331", "BOJ_2331\BOJ_2331.vcxproj", "{C2AADDA5-85C2-431B-A289-76FFD6204F71}"
EndProject
Global
	GlobalSection(SolutionConfigurationPlatforms) = preSolution
		Debug|x64 = Debug|x64
		Debug|x86 = Debug|x86
		Release|x64 = Release|x64
		Release|x86 = Release|x86
	EndGlobalSection
	GlobalSection(ProjectConfigurationPlatforms) = postSolution
		{C2AADDA5-85C2-431B-A289-76FFD6204F71}.Debug|x64.ActiveCfg = Debug|x64
		{C2AADDA5-85C2-431B-A289-76FFD6204F71}.Debug|x64.Build.0 = Debug|x64
		{C2AADDA5-85C2-431B-A289-76FFD6204F71}.Debug|x86.ActiveCfg = Debug|Win32
		{C2AADDA5-85C2-431B-A289-76FFD6204F71}.Debug|x86.Build.0 = Debug|Win32
		{C2AADDA5-85C2-431B-A289-76FFD6204F71}.Release|x64.ActiveCfg = Release|x64
		{C2AADDA5-85C2-431B-A289-76FFD6204F71}.Release|x64.Build.0 = Release|x64
		{C2AADDA5-85C2-431B-A289-76FFD6204F71}.Release|x86.ActiveCfg = Release|Win32
		{C2AADDA5-85C2-431B-A289-76FFD6204F71}.Release|x86.Build.0 = Release|Win32
	EndGlobalSection
	GlobalSection(SolutionProperties) = preSolution
		HideSolutionNode = FALSE
	EndGlobalSection
	GlobalSection(ExtensibilityGlobals) = postSolution
		SolutionGuid = {7932A9A6-A8BD-445D-BB75-F5E7D889DA9E}
	EndGlobalSection
EndGlobal
