
Microsoft Visual Studio Solution File, Format Version 12.00
# Visual Studio Version 16
VisualStudioVersion = 16.0.28803.202
MinimumVisualStudioVersion = 10.0.40219.1
Project("{8BC9CEB8-8B4A-11D0-8D11-00A0C91BC942}") = "BOJ_10816", "BOJ_10816\BOJ_10816.vcxproj", "{17A475FB-E5B7-4F3D-9D66-4DB017049C75}"
EndProject
Project("{8BC9CEB8-8B4A-11D0-8D11-00A0C91BC942}") = "Project1", "Project1\Project1.vcxproj", "{EA020462-35CB-4F78-BF52-DEBE5A0E7177}"
EndProject
Global
	GlobalSection(SolutionConfigurationPlatforms) = preSolution
		Debug|x64 = Debug|x64
		Debug|x86 = Debug|x86
		Release|x64 = Release|x64
		Release|x86 = Release|x86
	EndGlobalSection
	GlobalSection(ProjectConfigurationPlatforms) = postSolution
		{17A475FB-E5B7-4F3D-9D66-4DB017049C75}.Debug|x64.ActiveCfg = Debug|x64
		{17A475FB-E5B7-4F3D-9D66-4DB017049C75}.Debug|x64.Build.0 = Debug|x64
		{17A475FB-E5B7-4F3D-9D66-4DB017049C75}.Debug|x86.ActiveCfg = Debug|Win32
		{17A475FB-E5B7-4F3D-9D66-4DB017049C75}.Debug|x86.Build.0 = Debug|Win32
		{17A475FB-E5B7-4F3D-9D66-4DB017049C75}.Release|x64.ActiveCfg = Release|x64
		{17A475FB-E5B7-4F3D-9D66-4DB017049C75}.Release|x64.Build.0 = Release|x64
		{17A475FB-E5B7-4F3D-9D66-4DB017049C75}.Release|x86.ActiveCfg = Release|Win32
		{17A475FB-E5B7-4F3D-9D66-4DB017049C75}.Release|x86.Build.0 = Release|Win32
		{EA020462-35CB-4F78-BF52-DEBE5A0E7177}.Debug|x64.ActiveCfg = Debug|x64
		{EA020462-35CB-4F78-BF52-DEBE5A0E7177}.Debug|x64.Build.0 = Debug|x64
		{EA020462-35CB-4F78-BF52-DEBE5A0E7177}.Debug|x86.ActiveCfg = Debug|Win32
		{EA020462-35CB-4F78-BF52-DEBE5A0E7177}.Debug|x86.Build.0 = Debug|Win32
		{EA020462-35CB-4F78-BF52-DEBE5A0E7177}.Release|x64.ActiveCfg = Release|x64
		{EA020462-35CB-4F78-BF52-DEBE5A0E7177}.Release|x64.Build.0 = Release|x64
		{EA020462-35CB-4F78-BF52-DEBE5A0E7177}.Release|x86.ActiveCfg = Release|Win32
		{EA020462-35CB-4F78-BF52-DEBE5A0E7177}.Release|x86.Build.0 = Release|Win32
	EndGlobalSection
	GlobalSection(SolutionProperties) = preSolution
		HideSolutionNode = FALSE
	EndGlobalSection
	GlobalSection(ExtensibilityGlobals) = postSolution
		SolutionGuid = {1AD4CDBD-2B84-488D-A7A8-AB826E81000B}
	EndGlobalSection
EndGlobal
