
Microsoft Visual Studio Solution File, Format Version 12.00
# Visual Studio Version 16
VisualStudioVersion = 16.0.28803.202
MinimumVisualStudioVersion = 10.0.40219.1
Project("{8BC9CEB8-8B4A-11D0-8D11-00A0C91BC942}") = "BOJ_1063", "BOJ_1063\BOJ_1063.vcxproj", "{53140E0F-631B-42CA-A548-FB255B1C1203}"
EndProject
Global
	GlobalSection(SolutionConfigurationPlatforms) = preSolution
		Debug|x64 = Debug|x64
		Debug|x86 = Debug|x86
		Release|x64 = Release|x64
		Release|x86 = Release|x86
	EndGlobalSection
	GlobalSection(ProjectConfigurationPlatforms) = postSolution
		{53140E0F-631B-42CA-A548-FB255B1C1203}.Debug|x64.ActiveCfg = Debug|x64
		{53140E0F-631B-42CA-A548-FB255B1C1203}.Debug|x64.Build.0 = Debug|x64
		{53140E0F-631B-42CA-A548-FB255B1C1203}.Debug|x86.ActiveCfg = Debug|Win32
		{53140E0F-631B-42CA-A548-FB255B1C1203}.Debug|x86.Build.0 = Debug|Win32
		{53140E0F-631B-42CA-A548-FB255B1C1203}.Release|x64.ActiveCfg = Release|x64
		{53140E0F-631B-42CA-A548-FB255B1C1203}.Release|x64.Build.0 = Release|x64
		{53140E0F-631B-42CA-A548-FB255B1C1203}.Release|x86.ActiveCfg = Release|Win32
		{53140E0F-631B-42CA-A548-FB255B1C1203}.Release|x86.Build.0 = Release|Win32
	EndGlobalSection
	GlobalSection(SolutionProperties) = preSolution
		HideSolutionNode = FALSE
	EndGlobalSection
	GlobalSection(ExtensibilityGlobals) = postSolution
		SolutionGuid = {24ECA615-AF31-4D88-AAC8-EB0A0D4605F6}
	EndGlobalSection
EndGlobal
