
Microsoft Visual Studio Solution File, Format Version 12.00
# Visual Studio Version 16
VisualStudioVersion = 16.0.28803.202
MinimumVisualStudioVersion = 10.0.40219.1
Project("{8BC9CEB8-8B4A-11D0-8D11-00A0C91BC942}") = "BOJ_4179", "BOJ_4179\BOJ_4179.vcxproj", "{9D08A8FE-DDB1-43F3-801F-B215BFF9B0CB}"
EndProject
Global
	GlobalSection(SolutionConfigurationPlatforms) = preSolution
		Debug|x64 = Debug|x64
		Debug|x86 = Debug|x86
		Release|x64 = Release|x64
		Release|x86 = Release|x86
	EndGlobalSection
	GlobalSection(ProjectConfigurationPlatforms) = postSolution
		{9D08A8FE-DDB1-43F3-801F-B215BFF9B0CB}.Debug|x64.ActiveCfg = Debug|x64
		{9D08A8FE-DDB1-43F3-801F-B215BFF9B0CB}.Debug|x64.Build.0 = Debug|x64
		{9D08A8FE-DDB1-43F3-801F-B215BFF9B0CB}.Debug|x86.ActiveCfg = Debug|Win32
		{9D08A8FE-DDB1-43F3-801F-B215BFF9B0CB}.Debug|x86.Build.0 = Debug|Win32
		{9D08A8FE-DDB1-43F3-801F-B215BFF9B0CB}.Release|x64.ActiveCfg = Release|x64
		{9D08A8FE-DDB1-43F3-801F-B215BFF9B0CB}.Release|x64.Build.0 = Release|x64
		{9D08A8FE-DDB1-43F3-801F-B215BFF9B0CB}.Release|x86.ActiveCfg = Release|Win32
		{9D08A8FE-DDB1-43F3-801F-B215BFF9B0CB}.Release|x86.Build.0 = Release|Win32
	EndGlobalSection
	GlobalSection(SolutionProperties) = preSolution
		HideSolutionNode = FALSE
	EndGlobalSection
	GlobalSection(ExtensibilityGlobals) = postSolution
		SolutionGuid = {45356628-57B6-4EA2-A7BB-FF0FFA54CA22}
	EndGlobalSection
EndGlobal
