
Microsoft Visual Studio Solution File, Format Version 12.00
# Visual Studio Version 16
VisualStudioVersion = 16.0.28803.202
MinimumVisualStudioVersion = 10.0.40219.1
Project("{8BC9CEB8-8B4A-11D0-8D11-00A0C91BC942}") = "SWEA_3347", "SWEA_3347\SWEA_3347.vcxproj", "{727B5B08-F053-4524-9C1E-9EF478C78BE6}"
EndProject
Global
	GlobalSection(SolutionConfigurationPlatforms) = preSolution
		Debug|x64 = Debug|x64
		Debug|x86 = Debug|x86
		Release|x64 = Release|x64
		Release|x86 = Release|x86
	EndGlobalSection
	GlobalSection(ProjectConfigurationPlatforms) = postSolution
		{727B5B08-F053-4524-9C1E-9EF478C78BE6}.Debug|x64.ActiveCfg = Debug|x64
		{727B5B08-F053-4524-9C1E-9EF478C78BE6}.Debug|x64.Build.0 = Debug|x64
		{727B5B08-F053-4524-9C1E-9EF478C78BE6}.Debug|x86.ActiveCfg = Debug|Win32
		{727B5B08-F053-4524-9C1E-9EF478C78BE6}.Debug|x86.Build.0 = Debug|Win32
		{727B5B08-F053-4524-9C1E-9EF478C78BE6}.Release|x64.ActiveCfg = Release|x64
		{727B5B08-F053-4524-9C1E-9EF478C78BE6}.Release|x64.Build.0 = Release|x64
		{727B5B08-F053-4524-9C1E-9EF478C78BE6}.Release|x86.ActiveCfg = Release|Win32
		{727B5B08-F053-4524-9C1E-9EF478C78BE6}.Release|x86.Build.0 = Release|Win32
	EndGlobalSection
	GlobalSection(SolutionProperties) = preSolution
		HideSolutionNode = FALSE
	EndGlobalSection
	GlobalSection(ExtensibilityGlobals) = postSolution
		SolutionGuid = {22FF3D57-3147-4010-9CA2-83160CDF4DE1}
	EndGlobalSection
EndGlobal
