
Microsoft Visual Studio Solution File, Format Version 12.00
# Visual Studio Version 16
VisualStudioVersion = 16.0.28803.202
MinimumVisualStudioVersion = 10.0.40219.1
Project("{8BC9CEB8-8B4A-11D0-8D11-00A0C91BC942}") = "SWEA_04408", "SWEA_04408\SWEA_04408.vcxproj", "{A52AE677-0458-46BB-9309-B09BC52AB018}"
EndProject
Global
	GlobalSection(SolutionConfigurationPlatforms) = preSolution
		Debug|x64 = Debug|x64
		Debug|x86 = Debug|x86
		Release|x64 = Release|x64
		Release|x86 = Release|x86
	EndGlobalSection
	GlobalSection(ProjectConfigurationPlatforms) = postSolution
		{A52AE677-0458-46BB-9309-B09BC52AB018}.Debug|x64.ActiveCfg = Debug|x64
		{A52AE677-0458-46BB-9309-B09BC52AB018}.Debug|x64.Build.0 = Debug|x64
		{A52AE677-0458-46BB-9309-B09BC52AB018}.Debug|x86.ActiveCfg = Debug|Win32
		{A52AE677-0458-46BB-9309-B09BC52AB018}.Debug|x86.Build.0 = Debug|Win32
		{A52AE677-0458-46BB-9309-B09BC52AB018}.Release|x64.ActiveCfg = Release|x64
		{A52AE677-0458-46BB-9309-B09BC52AB018}.Release|x64.Build.0 = Release|x64
		{A52AE677-0458-46BB-9309-B09BC52AB018}.Release|x86.ActiveCfg = Release|Win32
		{A52AE677-0458-46BB-9309-B09BC52AB018}.Release|x86.Build.0 = Release|Win32
	EndGlobalSection
	GlobalSection(SolutionProperties) = preSolution
		HideSolutionNode = FALSE
	EndGlobalSection
	GlobalSection(ExtensibilityGlobals) = postSolution
		SolutionGuid = {CD8FAA9B-EFBE-4D3A-8CF6-623FABB787B2}
	EndGlobalSection
EndGlobal
