
Microsoft Visual Studio Solution File, Format Version 12.00
# Visual Studio Version 16
VisualStudioVersion = 16.0.28803.202
MinimumVisualStudioVersion = 10.0.40219.1
Project("{8BC9CEB8-8B4A-11D0-8D11-00A0C91BC942}") = "BOJ_14442", "BOJ_14442\BOJ_14442.vcxproj", "{01E3D725-479E-4B4B-9084-C588BEDA2444}"
EndProject
Project("{8BC9CEB8-8B4A-11D0-8D11-00A0C91BC942}") = "Project1", "Project1\Project1.vcxproj", "{4C238EFF-F47E-4E92-B3C0-8B5E061DB731}"
EndProject
Global
	GlobalSection(SolutionConfigurationPlatforms) = preSolution
		Debug|x64 = Debug|x64
		Debug|x86 = Debug|x86
		Release|x64 = Release|x64
		Release|x86 = Release|x86
	EndGlobalSection
	GlobalSection(ProjectConfigurationPlatforms) = postSolution
		{01E3D725-479E-4B4B-9084-C588BEDA2444}.Debug|x64.ActiveCfg = Debug|x64
		{01E3D725-479E-4B4B-9084-C588BEDA2444}.Debug|x64.Build.0 = Debug|x64
		{01E3D725-479E-4B4B-9084-C588BEDA2444}.Debug|x86.ActiveCfg = Debug|Win32
		{01E3D725-479E-4B4B-9084-C588BEDA2444}.Debug|x86.Build.0 = Debug|Win32
		{01E3D725-479E-4B4B-9084-C588BEDA2444}.Release|x64.ActiveCfg = Release|x64
		{01E3D725-479E-4B4B-9084-C588BEDA2444}.Release|x64.Build.0 = Release|x64
		{01E3D725-479E-4B4B-9084-C588BEDA2444}.Release|x86.ActiveCfg = Release|Win32
		{01E3D725-479E-4B4B-9084-C588BEDA2444}.Release|x86.Build.0 = Release|Win32
		{4C238EFF-F47E-4E92-B3C0-8B5E061DB731}.Debug|x64.ActiveCfg = Debug|x64
		{4C238EFF-F47E-4E92-B3C0-8B5E061DB731}.Debug|x64.Build.0 = Debug|x64
		{4C238EFF-F47E-4E92-B3C0-8B5E061DB731}.Debug|x86.ActiveCfg = Debug|Win32
		{4C238EFF-F47E-4E92-B3C0-8B5E061DB731}.Debug|x86.Build.0 = Debug|Win32
		{4C238EFF-F47E-4E92-B3C0-8B5E061DB731}.Release|x64.ActiveCfg = Release|x64
		{4C238EFF-F47E-4E92-B3C0-8B5E061DB731}.Release|x64.Build.0 = Release|x64
		{4C238EFF-F47E-4E92-B3C0-8B5E061DB731}.Release|x86.ActiveCfg = Release|Win32
		{4C238EFF-F47E-4E92-B3C0-8B5E061DB731}.Release|x86.Build.0 = Release|Win32
	EndGlobalSection
	GlobalSection(SolutionProperties) = preSolution
		HideSolutionNode = FALSE
	EndGlobalSection
	GlobalSection(ExtensibilityGlobals) = postSolution
		SolutionGuid = {BF902183-A52A-4DA2-A669-379F416BDF3B}
	EndGlobalSection
EndGlobal
