
Microsoft Visual Studio Solution File, Format Version 12.00
# Visual Studio Version 16
VisualStudioVersion = 16.0.28803.202
MinimumVisualStudioVersion = 10.0.40219.1
Project("{8BC9CEB8-8B4A-11D0-8D11-00A0C91BC942}") = "BOJ_2573", "BOJ_2573\BOJ_2573.vcxproj", "{FA8A92D8-23CF-43BD-9B26-B1EBEDA16770}"
EndProject
Global
	GlobalSection(SolutionConfigurationPlatforms) = preSolution
		Debug|x64 = Debug|x64
		Debug|x86 = Debug|x86
		Release|x64 = Release|x64
		Release|x86 = Release|x86
	EndGlobalSection
	GlobalSection(ProjectConfigurationPlatforms) = postSolution
		{FA8A92D8-23CF-43BD-9B26-B1EBEDA16770}.Debug|x64.ActiveCfg = Debug|x64
		{FA8A92D8-23CF-43BD-9B26-B1EBEDA16770}.Debug|x64.Build.0 = Debug|x64
		{FA8A92D8-23CF-43BD-9B26-B1EBEDA16770}.Debug|x86.ActiveCfg = Debug|Win32
		{FA8A92D8-23CF-43BD-9B26-B1EBEDA16770}.Debug|x86.Build.0 = Debug|Win32
		{FA8A92D8-23CF-43BD-9B26-B1EBEDA16770}.Release|x64.ActiveCfg = Release|x64
		{FA8A92D8-23CF-43BD-9B26-B1EBEDA16770}.Release|x64.Build.0 = Release|x64
		{FA8A92D8-23CF-43BD-9B26-B1EBEDA16770}.Release|x86.ActiveCfg = Release|Win32
		{FA8A92D8-23CF-43BD-9B26-B1EBEDA16770}.Release|x86.Build.0 = Release|Win32
	EndGlobalSection
	GlobalSection(SolutionProperties) = preSolution
		HideSolutionNode = FALSE
	EndGlobalSection
	GlobalSection(ExtensibilityGlobals) = postSolution
		SolutionGuid = {E818088F-7C0D-4121-88FD-17641A093786}
	EndGlobalSection
EndGlobal
