
Microsoft Visual Studio Solution File, Format Version 12.00
# Visual Studio Version 16
VisualStudioVersion = 16.0.28803.202
MinimumVisualStudioVersion = 10.0.40219.1
Project("{8BC9CEB8-8B4A-11D0-8D11-00A0C91BC942}") = "SWEA_3143", "SWEA_3143\SWEA_3143.vcxproj", "{C96DA9BF-2A15-4254-AD6F-AAA299B1EEFE}"
EndProject
Global
	GlobalSection(SolutionConfigurationPlatforms) = preSolution
		Debug|x64 = Debug|x64
		Debug|x86 = Debug|x86
		Release|x64 = Release|x64
		Release|x86 = Release|x86
	EndGlobalSection
	GlobalSection(ProjectConfigurationPlatforms) = postSolution
		{C96DA9BF-2A15-4254-AD6F-AAA299B1EEFE}.Debug|x64.ActiveCfg = Debug|x64
		{C96DA9BF-2A15-4254-AD6F-AAA299B1EEFE}.Debug|x64.Build.0 = Debug|x64
		{C96DA9BF-2A15-4254-AD6F-AAA299B1EEFE}.Debug|x86.ActiveCfg = Debug|Win32
		{C96DA9BF-2A15-4254-AD6F-AAA299B1EEFE}.Debug|x86.Build.0 = Debug|Win32
		{C96DA9BF-2A15-4254-AD6F-AAA299B1EEFE}.Release|x64.ActiveCfg = Release|x64
		{C96DA9BF-2A15-4254-AD6F-AAA299B1EEFE}.Release|x64.Build.0 = Release|x64
		{C96DA9BF-2A15-4254-AD6F-AAA299B1EEFE}.Release|x86.ActiveCfg = Release|Win32
		{C96DA9BF-2A15-4254-AD6F-AAA299B1EEFE}.Release|x86.Build.0 = Release|Win32
	EndGlobalSection
	GlobalSection(SolutionProperties) = preSolution
		HideSolutionNode = FALSE
	EndGlobalSection
	GlobalSection(ExtensibilityGlobals) = postSolution
		SolutionGuid = {607FDB6B-9CB1-4798-AE0F-1F30A777A91E}
	EndGlobalSection
EndGlobal
