
Microsoft Visual Studio Solution File, Format Version 12.00
# Visual Studio Version 16
VisualStudioVersion = 16.0.28803.202
MinimumVisualStudioVersion = 10.0.40219.1
Project("{8BC9CEB8-8B4A-11D0-8D11-00A0C91BC942}") = "SWEA_2477", "SWEA_2477\SWEA_2477.vcxproj", "{6357A2DE-7687-4A6F-9CDB-D79C77D31AB9}"
EndProject
Project("{8BC9CEB8-8B4A-11D0-8D11-00A0C91BC942}") = "Project1", "Project1\Project1.vcxproj", "{2E00DCF3-C46A-43AF-B443-B0886F1681DA}"
EndProject
Project("{8BC9CEB8-8B4A-11D0-8D11-00A0C91BC942}") = "Project2", "Project2\Project2.vcxproj", "{7233923C-E161-4844-BCF9-454ACF0F3AF1}"
EndProject
Global
	GlobalSection(SolutionConfigurationPlatforms) = preSolution
		Debug|x64 = Debug|x64
		Debug|x86 = Debug|x86
		Release|x64 = Release|x64
		Release|x86 = Release|x86
	EndGlobalSection
	GlobalSection(ProjectConfigurationPlatforms) = postSolution
		{6357A2DE-7687-4A6F-9CDB-D79C77D31AB9}.Debug|x64.ActiveCfg = Debug|x64
		{6357A2DE-7687-4A6F-9CDB-D79C77D31AB9}.Debug|x64.Build.0 = Debug|x64
		{6357A2DE-7687-4A6F-9CDB-D79C77D31AB9}.Debug|x86.ActiveCfg = Debug|Win32
		{6357A2DE-7687-4A6F-9CDB-D79C77D31AB9}.Debug|x86.Build.0 = Debug|Win32
		{6357A2DE-7687-4A6F-9CDB-D79C77D31AB9}.Release|x64.ActiveCfg = Release|x64
		{6357A2DE-7687-4A6F-9CDB-D79C77D31AB9}.Release|x64.Build.0 = Release|x64
		{6357A2DE-7687-4A6F-9CDB-D79C77D31AB9}.Release|x86.ActiveCfg = Release|Win32
		{6357A2DE-7687-4A6F-9CDB-D79C77D31AB9}.Release|x86.Build.0 = Release|Win32
		{2E00DCF3-C46A-43AF-B443-B0886F1681DA}.Debug|x64.ActiveCfg = Debug|x64
		{2E00DCF3-C46A-43AF-B443-B0886F1681DA}.Debug|x64.Build.0 = Debug|x64
		{2E00DCF3-C46A-43AF-B443-B0886F1681DA}.Debug|x86.ActiveCfg = Debug|Win32
		{2E00DCF3-C46A-43AF-B443-B0886F1681DA}.Debug|x86.Build.0 = Debug|Win32
		{2E00DCF3-C46A-43AF-B443-B0886F1681DA}.Release|x64.ActiveCfg = Release|x64
		{2E00DCF3-C46A-43AF-B443-B0886F1681DA}.Release|x64.Build.0 = Release|x64
		{2E00DCF3-C46A-43AF-B443-B0886F1681DA}.Release|x86.ActiveCfg = Release|Win32
		{2E00DCF3-C46A-43AF-B443-B0886F1681DA}.Release|x86.Build.0 = Release|Win32
		{7233923C-E161-4844-BCF9-454ACF0F3AF1}.Debug|x64.ActiveCfg = Debug|x64
		{7233923C-E161-4844-BCF9-454ACF0F3AF1}.Debug|x64.Build.0 = Debug|x64
		{7233923C-E161-4844-BCF9-454ACF0F3AF1}.Debug|x86.ActiveCfg = Debug|Win32
		{7233923C-E161-4844-BCF9-454ACF0F3AF1}.Debug|x86.Build.0 = Debug|Win32
		{7233923C-E161-4844-BCF9-454ACF0F3AF1}.Release|x64.ActiveCfg = Release|x64
		{7233923C-E161-4844-BCF9-454ACF0F3AF1}.Release|x64.Build.0 = Release|x64
		{7233923C-E161-4844-BCF9-454ACF0F3AF1}.Release|x86.ActiveCfg = Release|Win32
		{7233923C-E161-4844-BCF9-454ACF0F3AF1}.Release|x86.Build.0 = Release|Win32
	EndGlobalSection
	GlobalSection(SolutionProperties) = preSolution
		HideSolutionNode = FALSE
	EndGlobalSection
	GlobalSection(ExtensibilityGlobals) = postSolution
		SolutionGuid = {FE85A0A9-1B7A-49F7-9C47-01364A60DE3A}
	EndGlobalSection
EndGlobal
