
Microsoft Visual Studio Solution File, Format Version 12.00
# Visual Studio Version 16
VisualStudioVersion = 16.0.28803.202
MinimumVisualStudioVersion = 10.0.40219.1
Project("{8BC9CEB8-8B4A-11D0-8D11-00A0C91BC942}") = "SWEA_1798", "SWEA_1798\SWEA_1798.vcxproj", "{EE488E15-4C08-4BD5-83BA-EDAABC5B2E73}"
EndProject
Global
	GlobalSection(SolutionConfigurationPlatforms) = preSolution
		Debug|x64 = Debug|x64
		Debug|x86 = Debug|x86
		Release|x64 = Release|x64
		Release|x86 = Release|x86
	EndGlobalSection
	GlobalSection(ProjectConfigurationPlatforms) = postSolution
		{EE488E15-4C08-4BD5-83BA-EDAABC5B2E73}.Debug|x64.ActiveCfg = Debug|x64
		{EE488E15-4C08-4BD5-83BA-EDAABC5B2E73}.Debug|x64.Build.0 = Debug|x64
		{EE488E15-4C08-4BD5-83BA-EDAABC5B2E73}.Debug|x86.ActiveCfg = Debug|Win32
		{EE488E15-4C08-4BD5-83BA-EDAABC5B2E73}.Debug|x86.Build.0 = Debug|Win32
		{EE488E15-4C08-4BD5-83BA-EDAABC5B2E73}.Release|x64.ActiveCfg = Release|x64
		{EE488E15-4C08-4BD5-83BA-EDAABC5B2E73}.Release|x64.Build.0 = Release|x64
		{EE488E15-4C08-4BD5-83BA-EDAABC5B2E73}.Release|x86.ActiveCfg = Release|Win32
		{EE488E15-4C08-4BD5-83BA-EDAABC5B2E73}.Release|x86.Build.0 = Release|Win32
	EndGlobalSection
	GlobalSection(SolutionProperties) = preSolution
		HideSolutionNode = FALSE
	EndGlobalSection
	GlobalSection(ExtensibilityGlobals) = postSolution
		SolutionGuid = {13DF51A0-6FF2-402F-BFC8-E7F67DE3C108}
	EndGlobalSection
EndGlobal
