
Microsoft Visual Studio Solution File, Format Version 12.00
# Visual Studio Version 16
VisualStudioVersion = 16.0.28803.202
MinimumVisualStudioVersion = 10.0.40219.1
Project("{8BC9CEB8-8B4A-11D0-8D11-00A0C91BC942}") = "BOJ_10835", "BOJ_10835\BOJ_10835.vcxproj", "{93238391-4034-46BF-8713-A074187A6714}"
EndProject
Project("{8BC9CEB8-8B4A-11D0-8D11-00A0C91BC942}") = "Project1", "Project1\Project1.vcxproj", "{20922422-CF43-450B-BE41-3FC11E8A3FF5}"
EndProject
Global
	GlobalSection(SolutionConfigurationPlatforms) = preSolution
		Debug|x64 = Debug|x64
		Debug|x86 = Debug|x86
		Release|x64 = Release|x64
		Release|x86 = Release|x86
	EndGlobalSection
	GlobalSection(ProjectConfigurationPlatforms) = postSolution
		{93238391-4034-46BF-8713-A074187A6714}.Debug|x64.ActiveCfg = Debug|x64
		{93238391-4034-46BF-8713-A074187A6714}.Debug|x64.Build.0 = Debug|x64
		{93238391-4034-46BF-8713-A074187A6714}.Debug|x86.ActiveCfg = Debug|Win32
		{93238391-4034-46BF-8713-A074187A6714}.Debug|x86.Build.0 = Debug|Win32
		{93238391-4034-46BF-8713-A074187A6714}.Release|x64.ActiveCfg = Release|x64
		{93238391-4034-46BF-8713-A074187A6714}.Release|x64.Build.0 = Release|x64
		{93238391-4034-46BF-8713-A074187A6714}.Release|x86.ActiveCfg = Release|Win32
		{93238391-4034-46BF-8713-A074187A6714}.Release|x86.Build.0 = Release|Win32
		{20922422-CF43-450B-BE41-3FC11E8A3FF5}.Debug|x64.ActiveCfg = Debug|x64
		{20922422-CF43-450B-BE41-3FC11E8A3FF5}.Debug|x64.Build.0 = Debug|x64
		{20922422-CF43-450B-BE41-3FC11E8A3FF5}.Debug|x86.ActiveCfg = Debug|Win32
		{20922422-CF43-450B-BE41-3FC11E8A3FF5}.Debug|x86.Build.0 = Debug|Win32
		{20922422-CF43-450B-BE41-3FC11E8A3FF5}.Release|x64.ActiveCfg = Release|x64
		{20922422-CF43-450B-BE41-3FC11E8A3FF5}.Release|x64.Build.0 = Release|x64
		{20922422-CF43-450B-BE41-3FC11E8A3FF5}.Release|x86.ActiveCfg = Release|Win32
		{20922422-CF43-450B-BE41-3FC11E8A3FF5}.Release|x86.Build.0 = Release|Win32
	EndGlobalSection
	GlobalSection(SolutionProperties) = preSolution
		HideSolutionNode = FALSE
	EndGlobalSection
	GlobalSection(ExtensibilityGlobals) = postSolution
		SolutionGuid = {DF47627B-F763-43B1-8BB1-1B3716A21FEE}
	EndGlobalSection
EndGlobal
