
Microsoft Visual Studio Solution File, Format Version 12.00
# Visual Studio Version 16
VisualStudioVersion = 16.0.28803.202
MinimumVisualStudioVersion = 10.0.40219.1
Project("{8BC9CEB8-8B4A-11D0-8D11-00A0C91BC942}") = "SWEA_1245", "SWEA_1245\SWEA_1245.vcxproj", "{245B25A1-F9D8-4EF2-BAA7-A7119EC4A4B3}"
EndProject
Global
	GlobalSection(SolutionConfigurationPlatforms) = preSolution
		Debug|x64 = Debug|x64
		Debug|x86 = Debug|x86
		Release|x64 = Release|x64
		Release|x86 = Release|x86
	EndGlobalSection
	GlobalSection(ProjectConfigurationPlatforms) = postSolution
		{245B25A1-F9D8-4EF2-BAA7-A7119EC4A4B3}.Debug|x64.ActiveCfg = Debug|x64
		{245B25A1-F9D8-4EF2-BAA7-A7119EC4A4B3}.Debug|x64.Build.0 = Debug|x64
		{245B25A1-F9D8-4EF2-BAA7-A7119EC4A4B3}.Debug|x86.ActiveCfg = Debug|Win32
		{245B25A1-F9D8-4EF2-BAA7-A7119EC4A4B3}.Debug|x86.Build.0 = Debug|Win32
		{245B25A1-F9D8-4EF2-BAA7-A7119EC4A4B3}.Release|x64.ActiveCfg = Release|x64
		{245B25A1-F9D8-4EF2-BAA7-A7119EC4A4B3}.Release|x64.Build.0 = Release|x64
		{245B25A1-F9D8-4EF2-BAA7-A7119EC4A4B3}.Release|x86.ActiveCfg = Release|Win32
		{245B25A1-F9D8-4EF2-BAA7-A7119EC4A4B3}.Release|x86.Build.0 = Release|Win32
	EndGlobalSection
	GlobalSection(SolutionProperties) = preSolution
		HideSolutionNode = FALSE
	EndGlobalSection
	GlobalSection(ExtensibilityGlobals) = postSolution
		SolutionGuid = {0DD79267-545D-46A0-BE65-40078923A77B}
	EndGlobalSection
EndGlobal
