
Microsoft Visual Studio Solution File, Format Version 12.00
# Visual Studio Version 16
VisualStudioVersion = 16.0.28803.202
MinimumVisualStudioVersion = 10.0.40219.1
Project("{8BC9CEB8-8B4A-11D0-8D11-00A0C91BC942}") = "BOJ_9465", "BOJ_9465\BOJ_9465.vcxproj", "{7063B5B1-7BF8-4B7F-8EE6-B635726B5947}"
EndProject
Global
	GlobalSection(SolutionConfigurationPlatforms) = preSolution
		Debug|x64 = Debug|x64
		Debug|x86 = Debug|x86
		Release|x64 = Release|x64
		Release|x86 = Release|x86
	EndGlobalSection
	GlobalSection(ProjectConfigurationPlatforms) = postSolution
		{7063B5B1-7BF8-4B7F-8EE6-B635726B5947}.Debug|x64.ActiveCfg = Debug|x64
		{7063B5B1-7BF8-4B7F-8EE6-B635726B5947}.Debug|x64.Build.0 = Debug|x64
		{7063B5B1-7BF8-4B7F-8EE6-B635726B5947}.Debug|x86.ActiveCfg = Debug|Win32
		{7063B5B1-7BF8-4B7F-8EE6-B635726B5947}.Debug|x86.Build.0 = Debug|Win32
		{7063B5B1-7BF8-4B7F-8EE6-B635726B5947}.Release|x64.ActiveCfg = Release|x64
		{7063B5B1-7BF8-4B7F-8EE6-B635726B5947}.Release|x64.Build.0 = Release|x64
		{7063B5B1-7BF8-4B7F-8EE6-B635726B5947}.Release|x86.ActiveCfg = Release|Win32
		{7063B5B1-7BF8-4B7F-8EE6-B635726B5947}.Release|x86.Build.0 = Release|Win32
	EndGlobalSection
	GlobalSection(SolutionProperties) = preSolution
		HideSolutionNode = FALSE
	EndGlobalSection
	GlobalSection(ExtensibilityGlobals) = postSolution
		SolutionGuid = {6178F72C-0593-4064-96F6-CB455D1A641B}
	EndGlobalSection
EndGlobal
