
Microsoft Visual Studio Solution File, Format Version 12.00
# Visual Studio Version 16
VisualStudioVersion = 16.0.28803.202
MinimumVisualStudioVersion = 10.0.40219.1
Project("{8BC9CEB8-8B4A-11D0-8D11-00A0C91BC942}") = "BOJ_6359", "BOJ_6359\BOJ_6359.vcxproj", "{3B5BBAC3-559B-4059-A47B-DE7DAD64DE1E}"
EndProject
Global
	GlobalSection(SolutionConfigurationPlatforms) = preSolution
		Debug|x64 = Debug|x64
		Debug|x86 = Debug|x86
		Release|x64 = Release|x64
		Release|x86 = Release|x86
	EndGlobalSection
	GlobalSection(ProjectConfigurationPlatforms) = postSolution
		{3B5BBAC3-559B-4059-A47B-DE7DAD64DE1E}.Debug|x64.ActiveCfg = Debug|x64
		{3B5BBAC3-559B-4059-A47B-DE7DAD64DE1E}.Debug|x64.Build.0 = Debug|x64
		{3B5BBAC3-559B-4059-A47B-DE7DAD64DE1E}.Debug|x86.ActiveCfg = Debug|Win32
		{3B5BBAC3-559B-4059-A47B-DE7DAD64DE1E}.Debug|x86.Build.0 = Debug|Win32
		{3B5BBAC3-559B-4059-A47B-DE7DAD64DE1E}.Release|x64.ActiveCfg = Release|x64
		{3B5BBAC3-559B-4059-A47B-DE7DAD64DE1E}.Release|x64.Build.0 = Release|x64
		{3B5BBAC3-559B-4059-A47B-DE7DAD64DE1E}.Release|x86.ActiveCfg = Release|Win32
		{3B5BBAC3-559B-4059-A47B-DE7DAD64DE1E}.Release|x86.Build.0 = Release|Win32
	EndGlobalSection
	GlobalSection(SolutionProperties) = preSolution
		HideSolutionNode = FALSE
	EndGlobalSection
	GlobalSection(ExtensibilityGlobals) = postSolution
		SolutionGuid = {F811E73F-F088-4151-84B7-3DF61E4C7EE6}
	EndGlobalSection
EndGlobal
