
Microsoft Visual Studio Solution File, Format Version 12.00
# Visual Studio Version 16
VisualStudioVersion = 16.0.28803.202
MinimumVisualStudioVersion = 10.0.40219.1
Project("{8BC9CEB8-8B4A-11D0-8D11-00A0C91BC942}") = "BOJ_3020", "BOJ_3020\BOJ_3020.vcxproj", "{DC80A555-9DC1-4D15-9705-D1F054A138C6}"
EndProject
Global
	GlobalSection(SolutionConfigurationPlatforms) = preSolution
		Debug|x64 = Debug|x64
		Debug|x86 = Debug|x86
		Release|x64 = Release|x64
		Release|x86 = Release|x86
	EndGlobalSection
	GlobalSection(ProjectConfigurationPlatforms) = postSolution
		{DC80A555-9DC1-4D15-9705-D1F054A138C6}.Debug|x64.ActiveCfg = Debug|x64
		{DC80A555-9DC1-4D15-9705-D1F054A138C6}.Debug|x64.Build.0 = Debug|x64
		{DC80A555-9DC1-4D15-9705-D1F054A138C6}.Debug|x86.ActiveCfg = Debug|Win32
		{DC80A555-9DC1-4D15-9705-D1F054A138C6}.Debug|x86.Build.0 = Debug|Win32
		{DC80A555-9DC1-4D15-9705-D1F054A138C6}.Release|x64.ActiveCfg = Release|x64
		{DC80A555-9DC1-4D15-9705-D1F054A138C6}.Release|x64.Build.0 = Release|x64
		{DC80A555-9DC1-4D15-9705-D1F054A138C6}.Release|x86.ActiveCfg = Release|Win32
		{DC80A555-9DC1-4D15-9705-D1F054A138C6}.Release|x86.Build.0 = Release|Win32
	EndGlobalSection
	GlobalSection(SolutionProperties) = preSolution
		HideSolutionNode = FALSE
	EndGlobalSection
	GlobalSection(ExtensibilityGlobals) = postSolution
		SolutionGuid = {AD127FD9-D6F1-43C1-B492-91954B1D1A3F}
	EndGlobalSection
EndGlobal
