
Microsoft Visual Studio Solution File, Format Version 12.00
# Visual Studio Version 16
VisualStudioVersion = 16.0.28803.202
MinimumVisualStudioVersion = 10.0.40219.1
Project("{8BC9CEB8-8B4A-11D0-8D11-00A0C91BC942}") = "BOJ_2933", "BOJ_2933\BOJ_2933.vcxproj", "{6F9D4F54-0AAB-4A62-869B-BB4A8587E030}"
EndProject
Project("{8BC9CEB8-8B4A-11D0-8D11-00A0C91BC942}") = "Project1", "Project1\Project1.vcxproj", "{AB3852B2-944F-4AED-8821-4A973B5FA929}"
EndProject
Global
	GlobalSection(SolutionConfigurationPlatforms) = preSolution
		Debug|x64 = Debug|x64
		Debug|x86 = Debug|x86
		Release|x64 = Release|x64
		Release|x86 = Release|x86
	EndGlobalSection
	GlobalSection(ProjectConfigurationPlatforms) = postSolution
		{6F9D4F54-0AAB-4A62-869B-BB4A8587E030}.Debug|x64.ActiveCfg = Debug|x64
		{6F9D4F54-0AAB-4A62-869B-BB4A8587E030}.Debug|x64.Build.0 = Debug|x64
		{6F9D4F54-0AAB-4A62-869B-BB4A8587E030}.Debug|x86.ActiveCfg = Debug|Win32
		{6F9D4F54-0AAB-4A62-869B-BB4A8587E030}.Debug|x86.Build.0 = Debug|Win32
		{6F9D4F54-0AAB-4A62-869B-BB4A8587E030}.Release|x64.ActiveCfg = Release|x64
		{6F9D4F54-0AAB-4A62-869B-BB4A8587E030}.Release|x64.Build.0 = Release|x64
		{6F9D4F54-0AAB-4A62-869B-BB4A8587E030}.Release|x86.ActiveCfg = Release|Win32
		{6F9D4F54-0AAB-4A62-869B-BB4A8587E030}.Release|x86.Build.0 = Release|Win32
		{AB3852B2-944F-4AED-8821-4A973B5FA929}.Debug|x64.ActiveCfg = Debug|x64
		{AB3852B2-944F-4AED-8821-4A973B5FA929}.Debug|x64.Build.0 = Debug|x64
		{AB3852B2-944F-4AED-8821-4A973B5FA929}.Debug|x86.ActiveCfg = Debug|Win32
		{AB3852B2-944F-4AED-8821-4A973B5FA929}.Debug|x86.Build.0 = Debug|Win32
		{AB3852B2-944F-4AED-8821-4A973B5FA929}.Release|x64.ActiveCfg = Release|x64
		{AB3852B2-944F-4AED-8821-4A973B5FA929}.Release|x64.Build.0 = Release|x64
		{AB3852B2-944F-4AED-8821-4A973B5FA929}.Release|x86.ActiveCfg = Release|Win32
		{AB3852B2-944F-4AED-8821-4A973B5FA929}.Release|x86.Build.0 = Release|Win32
	EndGlobalSection
	GlobalSection(SolutionProperties) = preSolution
		HideSolutionNode = FALSE
	EndGlobalSection
	GlobalSection(ExtensibilityGlobals) = postSolution
		SolutionGuid = {072DF854-18E9-4718-86DA-C879170668CE}
	EndGlobalSection
EndGlobal
