
Microsoft Visual Studio Solution File, Format Version 12.00
# Visual Studio Version 16
VisualStudioVersion = 16.0.28803.202
MinimumVisualStudioVersion = 10.0.40219.1
Project("{8BC9CEB8-8B4A-11D0-8D11-00A0C91BC942}") = "BOJ_07576", "BOJ_07576\BOJ_07576.vcxproj", "{E17B5B5D-4AC8-4E08-8DC4-559752466C9A}"
EndProject
Global
	GlobalSection(SolutionConfigurationPlatforms) = preSolution
		Debug|x64 = Debug|x64
		Debug|x86 = Debug|x86
		Release|x64 = Release|x64
		Release|x86 = Release|x86
	EndGlobalSection
	GlobalSection(ProjectConfigurationPlatforms) = postSolution
		{E17B5B5D-4AC8-4E08-8DC4-559752466C9A}.Debug|x64.ActiveCfg = Debug|x64
		{E17B5B5D-4AC8-4E08-8DC4-559752466C9A}.Debug|x64.Build.0 = Debug|x64
		{E17B5B5D-4AC8-4E08-8DC4-559752466C9A}.Debug|x86.ActiveCfg = Debug|Win32
		{E17B5B5D-4AC8-4E08-8DC4-559752466C9A}.Debug|x86.Build.0 = Debug|Win32
		{E17B5B5D-4AC8-4E08-8DC4-559752466C9A}.Release|x64.ActiveCfg = Release|x64
		{E17B5B5D-4AC8-4E08-8DC4-559752466C9A}.Release|x64.Build.0 = Release|x64
		{E17B5B5D-4AC8-4E08-8DC4-559752466C9A}.Release|x86.ActiveCfg = Release|Win32
		{E17B5B5D-4AC8-4E08-8DC4-559752466C9A}.Release|x86.Build.0 = Release|Win32
	EndGlobalSection
	GlobalSection(SolutionProperties) = preSolution
		HideSolutionNode = FALSE
	EndGlobalSection
	GlobalSection(ExtensibilityGlobals) = postSolution
		SolutionGuid = {8A64A6B1-04C8-481C-ACD4-0C2DFA60918F}
	EndGlobalSection
EndGlobal
