
Microsoft Visual Studio Solution File, Format Version 12.00
# Visual Studio Version 16
VisualStudioVersion = 16.0.28803.202
MinimumVisualStudioVersion = 10.0.40219.1
Project("{8BC9CEB8-8B4A-11D0-8D11-00A0C91BC942}") = "BOJ_16638", "BOJ_16638\BOJ_16638.vcxproj", "{6141681B-B2FB-4247-8EF2-CCF1F689BFF4}"
EndProject
Global
	GlobalSection(SolutionConfigurationPlatforms) = preSolution
		Debug|x64 = Debug|x64
		Debug|x86 = Debug|x86
		Release|x64 = Release|x64
		Release|x86 = Release|x86
	EndGlobalSection
	GlobalSection(ProjectConfigurationPlatforms) = postSolution
		{6141681B-B2FB-4247-8EF2-CCF1F689BFF4}.Debug|x64.ActiveCfg = Debug|x64
		{6141681B-B2FB-4247-8EF2-CCF1F689BFF4}.Debug|x64.Build.0 = Debug|x64
		{6141681B-B2FB-4247-8EF2-CCF1F689BFF4}.Debug|x86.ActiveCfg = Debug|Win32
		{6141681B-B2FB-4247-8EF2-CCF1F689BFF4}.Debug|x86.Build.0 = Debug|Win32
		{6141681B-B2FB-4247-8EF2-CCF1F689BFF4}.Release|x64.ActiveCfg = Release|x64
		{6141681B-B2FB-4247-8EF2-CCF1F689BFF4}.Release|x64.Build.0 = Release|x64
		{6141681B-B2FB-4247-8EF2-CCF1F689BFF4}.Release|x86.ActiveCfg = Release|Win32
		{6141681B-B2FB-4247-8EF2-CCF1F689BFF4}.Release|x86.Build.0 = Release|Win32
	EndGlobalSection
	GlobalSection(SolutionProperties) = preSolution
		HideSolutionNode = FALSE
	EndGlobalSection
	GlobalSection(ExtensibilityGlobals) = postSolution
		SolutionGuid = {E2EFC67E-65B6-41B9-A1BC-8358595FCBCD}
	EndGlobalSection
EndGlobal
