
Microsoft Visual Studio Solution File, Format Version 12.00
# Visual Studio Version 16
VisualStudioVersion = 16.0.28803.202
MinimumVisualStudioVersion = 10.0.40219.1
Project("{8BC9CEB8-8B4A-11D0-8D11-00A0C91BC942}") = "BOJ_1922", "BOJ_1922\BOJ_1922.vcxproj", "{2BFDCAB9-13B6-4451-9D79-1977C9BAB27D}"
EndProject
Project("{8BC9CEB8-8B4A-11D0-8D11-00A0C91BC942}") = "Project1", "Project1\Project1.vcxproj", "{CF4E6837-5DEF-4200-9C42-874A75805A5A}"
EndProject
Global
	GlobalSection(SolutionConfigurationPlatforms) = preSolution
		Debug|x64 = Debug|x64
		Debug|x86 = Debug|x86
		Release|x64 = Release|x64
		Release|x86 = Release|x86
	EndGlobalSection
	GlobalSection(ProjectConfigurationPlatforms) = postSolution
		{2BFDCAB9-13B6-4451-9D79-1977C9BAB27D}.Debug|x64.ActiveCfg = Debug|x64
		{2BFDCAB9-13B6-4451-9D79-1977C9BAB27D}.Debug|x64.Build.0 = Debug|x64
		{2BFDCAB9-13B6-4451-9D79-1977C9BAB27D}.Debug|x86.ActiveCfg = Debug|Win32
		{2BFDCAB9-13B6-4451-9D79-1977C9BAB27D}.Debug|x86.Build.0 = Debug|Win32
		{2BFDCAB9-13B6-4451-9D79-1977C9BAB27D}.Release|x64.ActiveCfg = Release|x64
		{2BFDCAB9-13B6-4451-9D79-1977C9BAB27D}.Release|x64.Build.0 = Release|x64
		{2BFDCAB9-13B6-4451-9D79-1977C9BAB27D}.Release|x86.ActiveCfg = Release|Win32
		{2BFDCAB9-13B6-4451-9D79-1977C9BAB27D}.Release|x86.Build.0 = Release|Win32
		{CF4E6837-5DEF-4200-9C42-874A75805A5A}.Debug|x64.ActiveCfg = Debug|x64
		{CF4E6837-5DEF-4200-9C42-874A75805A5A}.Debug|x64.Build.0 = Debug|x64
		{CF4E6837-5DEF-4200-9C42-874A75805A5A}.Debug|x86.ActiveCfg = Debug|Win32
		{CF4E6837-5DEF-4200-9C42-874A75805A5A}.Debug|x86.Build.0 = Debug|Win32
		{CF4E6837-5DEF-4200-9C42-874A75805A5A}.Release|x64.ActiveCfg = Release|x64
		{CF4E6837-5DEF-4200-9C42-874A75805A5A}.Release|x64.Build.0 = Release|x64
		{CF4E6837-5DEF-4200-9C42-874A75805A5A}.Release|x86.ActiveCfg = Release|Win32
		{CF4E6837-5DEF-4200-9C42-874A75805A5A}.Release|x86.Build.0 = Release|Win32
	EndGlobalSection
	GlobalSection(SolutionProperties) = preSolution
		HideSolutionNode = FALSE
	EndGlobalSection
	GlobalSection(ExtensibilityGlobals) = postSolution
		SolutionGuid = {85A4C2D6-9BE0-4B91-BDE2-FD70B13F77B5}
	EndGlobalSection
EndGlobal
