
Microsoft Visual Studio Solution File, Format Version 12.00
# Visual Studio Version 16
VisualStudioVersion = 16.0.28803.202
MinimumVisualStudioVersion = 10.0.40219.1
Project("{8BC9CEB8-8B4A-11D0-8D11-00A0C91BC942}") = "BOJ_12969", "BOJ_12969\BOJ_12969.vcxproj", "{A1883C91-683C-4A45-9CE3-9A7E9857AC67}"
EndProject
Global
	GlobalSection(SolutionConfigurationPlatforms) = preSolution
		Debug|x64 = Debug|x64
		Debug|x86 = Debug|x86
		Release|x64 = Release|x64
		Release|x86 = Release|x86
	EndGlobalSection
	GlobalSection(ProjectConfigurationPlatforms) = postSolution
		{A1883C91-683C-4A45-9CE3-9A7E9857AC67}.Debug|x64.ActiveCfg = Debug|x64
		{A1883C91-683C-4A45-9CE3-9A7E9857AC67}.Debug|x64.Build.0 = Debug|x64
		{A1883C91-683C-4A45-9CE3-9A7E9857AC67}.Debug|x86.ActiveCfg = Debug|Win32
		{A1883C91-683C-4A45-9CE3-9A7E9857AC67}.Debug|x86.Build.0 = Debug|Win32
		{A1883C91-683C-4A45-9CE3-9A7E9857AC67}.Release|x64.ActiveCfg = Release|x64
		{A1883C91-683C-4A45-9CE3-9A7E9857AC67}.Release|x64.Build.0 = Release|x64
		{A1883C91-683C-4A45-9CE3-9A7E9857AC67}.Release|x86.ActiveCfg = Release|Win32
		{A1883C91-683C-4A45-9CE3-9A7E9857AC67}.Release|x86.Build.0 = Release|Win32
	EndGlobalSection
	GlobalSection(SolutionProperties) = preSolution
		HideSolutionNode = FALSE
	EndGlobalSection
	GlobalSection(ExtensibilityGlobals) = postSolution
		SolutionGuid = {1D4B2819-20DA-4AA9-A787-D84F80E38469}
	EndGlobalSection
EndGlobal
