
Microsoft Visual Studio Solution File, Format Version 12.00
# Visual Studio Version 16
VisualStudioVersion = 16.0.28803.202
MinimumVisualStudioVersion = 10.0.40219.1
Project("{8BC9CEB8-8B4A-11D0-8D11-00A0C91BC942}") = "BOJ_16987", "BOJ_16987\BOJ_16987.vcxproj", "{7E1FF408-3E33-4413-9502-967F0CF8A72D}"
EndProject
Global
	GlobalSection(SolutionConfigurationPlatforms) = preSolution
		Debug|x64 = Debug|x64
		Debug|x86 = Debug|x86
		Release|x64 = Release|x64
		Release|x86 = Release|x86
	EndGlobalSection
	GlobalSection(ProjectConfigurationPlatforms) = postSolution
		{7E1FF408-3E33-4413-9502-967F0CF8A72D}.Debug|x64.ActiveCfg = Debug|x64
		{7E1FF408-3E33-4413-9502-967F0CF8A72D}.Debug|x64.Build.0 = Debug|x64
		{7E1FF408-3E33-4413-9502-967F0CF8A72D}.Debug|x86.ActiveCfg = Debug|Win32
		{7E1FF408-3E33-4413-9502-967F0CF8A72D}.Debug|x86.Build.0 = Debug|Win32
		{7E1FF408-3E33-4413-9502-967F0CF8A72D}.Release|x64.ActiveCfg = Release|x64
		{7E1FF408-3E33-4413-9502-967F0CF8A72D}.Release|x64.Build.0 = Release|x64
		{7E1FF408-3E33-4413-9502-967F0CF8A72D}.Release|x86.ActiveCfg = Release|Win32
		{7E1FF408-3E33-4413-9502-967F0CF8A72D}.Release|x86.Build.0 = Release|Win32
	EndGlobalSection
	GlobalSection(SolutionProperties) = preSolution
		HideSolutionNode = FALSE
	EndGlobalSection
	GlobalSection(ExtensibilityGlobals) = postSolution
		SolutionGuid = {D00F876B-8592-4F23-9B0A-1480B5C1FB49}
	EndGlobalSection
EndGlobal
