
Microsoft Visual Studio Solution File, Format Version 12.00
# Visual Studio Version 16
VisualStudioVersion = 16.0.28803.202
MinimumVisualStudioVersion = 10.0.40219.1
Project("{8BC9CEB8-8B4A-11D0-8D11-00A0C91BC942}") = "BOJ_10815", "BOJ_10815\BOJ_10815.vcxproj", "{5DA82EA0-644C-42BD-A8A8-18A41640D2B4}"
EndProject
Global
	GlobalSection(SolutionConfigurationPlatforms) = preSolution
		Debug|x64 = Debug|x64
		Debug|x86 = Debug|x86
		Release|x64 = Release|x64
		Release|x86 = Release|x86
	EndGlobalSection
	GlobalSection(ProjectConfigurationPlatforms) = postSolution
		{5DA82EA0-644C-42BD-A8A8-18A41640D2B4}.Debug|x64.ActiveCfg = Debug|x64
		{5DA82EA0-644C-42BD-A8A8-18A41640D2B4}.Debug|x64.Build.0 = Debug|x64
		{5DA82EA0-644C-42BD-A8A8-18A41640D2B4}.Debug|x86.ActiveCfg = Debug|Win32
		{5DA82EA0-644C-42BD-A8A8-18A41640D2B4}.Debug|x86.Build.0 = Debug|Win32
		{5DA82EA0-644C-42BD-A8A8-18A41640D2B4}.Release|x64.ActiveCfg = Release|x64
		{5DA82EA0-644C-42BD-A8A8-18A41640D2B4}.Release|x64.Build.0 = Release|x64
		{5DA82EA0-644C-42BD-A8A8-18A41640D2B4}.Release|x86.ActiveCfg = Release|Win32
		{5DA82EA0-644C-42BD-A8A8-18A41640D2B4}.Release|x86.Build.0 = Release|Win32
	EndGlobalSection
	GlobalSection(SolutionProperties) = preSolution
		HideSolutionNode = FALSE
	EndGlobalSection
	GlobalSection(ExtensibilityGlobals) = postSolution
		SolutionGuid = {66EBE20B-195D-423E-8A09-95A9C4502495}
	EndGlobalSection
EndGlobal
