
Microsoft Visual Studio Solution File, Format Version 12.00
# Visual Studio Version 16
VisualStudioVersion = 16.0.28803.202
MinimumVisualStudioVersion = 10.0.40219.1
Project("{8BC9CEB8-8B4A-11D0-8D11-00A0C91BC942}") = "BOJ_17071", "BOJ_17071\BOJ_17071.vcxproj", "{6817A3B0-748F-4AF2-AC77-C0FB130DF257}"
EndProject
Global
	GlobalSection(SolutionConfigurationPlatforms) = preSolution
		Debug|x64 = Debug|x64
		Debug|x86 = Debug|x86
		Release|x64 = Release|x64
		Release|x86 = Release|x86
	EndGlobalSection
	GlobalSection(ProjectConfigurationPlatforms) = postSolution
		{6817A3B0-748F-4AF2-AC77-C0FB130DF257}.Debug|x64.ActiveCfg = Debug|x64
		{6817A3B0-748F-4AF2-AC77-C0FB130DF257}.Debug|x64.Build.0 = Debug|x64
		{6817A3B0-748F-4AF2-AC77-C0FB130DF257}.Debug|x86.ActiveCfg = Debug|Win32
		{6817A3B0-748F-4AF2-AC77-C0FB130DF257}.Debug|x86.Build.0 = Debug|Win32
		{6817A3B0-748F-4AF2-AC77-C0FB130DF257}.Release|x64.ActiveCfg = Release|x64
		{6817A3B0-748F-4AF2-AC77-C0FB130DF257}.Release|x64.Build.0 = Release|x64
		{6817A3B0-748F-4AF2-AC77-C0FB130DF257}.Release|x86.ActiveCfg = Release|Win32
		{6817A3B0-748F-4AF2-AC77-C0FB130DF257}.Release|x86.Build.0 = Release|Win32
	EndGlobalSection
	GlobalSection(SolutionProperties) = preSolution
		HideSolutionNode = FALSE
	EndGlobalSection
	GlobalSection(ExtensibilityGlobals) = postSolution
		SolutionGuid = {15C97452-8AFB-4D3E-B8A9-92084F4A789F}
	EndGlobalSection
EndGlobal
