
Microsoft Visual Studio Solution File, Format Version 12.00
# Visual Studio Version 16
VisualStudioVersion = 16.0.28803.202
MinimumVisualStudioVersion = 10.0.40219.1
Project("{8BC9CEB8-8B4A-11D0-8D11-00A0C91BC942}") = "SWEA_01873", "SWEA_01873\SWEA_01873.vcxproj", "{8E4AD6D0-AF16-417D-9790-C90EB8229F38}"
EndProject
Global
	GlobalSection(SolutionConfigurationPlatforms) = preSolution
		Debug|x64 = Debug|x64
		Debug|x86 = Debug|x86
		Release|x64 = Release|x64
		Release|x86 = Release|x86
	EndGlobalSection
	GlobalSection(ProjectConfigurationPlatforms) = postSolution
		{8E4AD6D0-AF16-417D-9790-C90EB8229F38}.Debug|x64.ActiveCfg = Debug|x64
		{8E4AD6D0-AF16-417D-9790-C90EB8229F38}.Debug|x64.Build.0 = Debug|x64
		{8E4AD6D0-AF16-417D-9790-C90EB8229F38}.Debug|x86.ActiveCfg = Debug|Win32
		{8E4AD6D0-AF16-417D-9790-C90EB8229F38}.Debug|x86.Build.0 = Debug|Win32
		{8E4AD6D0-AF16-417D-9790-C90EB8229F38}.Release|x64.ActiveCfg = Release|x64
		{8E4AD6D0-AF16-417D-9790-C90EB8229F38}.Release|x64.Build.0 = Release|x64
		{8E4AD6D0-AF16-417D-9790-C90EB8229F38}.Release|x86.ActiveCfg = Release|Win32
		{8E4AD6D0-AF16-417D-9790-C90EB8229F38}.Release|x86.Build.0 = Release|Win32
	EndGlobalSection
	GlobalSection(SolutionProperties) = preSolution
		HideSolutionNode = FALSE
	EndGlobalSection
	GlobalSection(ExtensibilityGlobals) = postSolution
		SolutionGuid = {6E5BA571-5528-469B-A63E-732F6A110C29}
	EndGlobalSection
EndGlobal
