
Microsoft Visual Studio Solution File, Format Version 12.00
# Visual Studio Version 16
VisualStudioVersion = 16.0.28803.202
MinimumVisualStudioVersion = 10.0.40219.1
Project("{8BC9CEB8-8B4A-11D0-8D11-00A0C91BC942}") = "SWEA_7568", "SWEA_7568\SWEA_7568.vcxproj", "{823B5FFC-56E0-42C0-B0A3-3B0663EF572E}"
EndProject
Global
	GlobalSection(SolutionConfigurationPlatforms) = preSolution
		Debug|x64 = Debug|x64
		Debug|x86 = Debug|x86
		Release|x64 = Release|x64
		Release|x86 = Release|x86
	EndGlobalSection
	GlobalSection(ProjectConfigurationPlatforms) = postSolution
		{823B5FFC-56E0-42C0-B0A3-3B0663EF572E}.Debug|x64.ActiveCfg = Debug|x64
		{823B5FFC-56E0-42C0-B0A3-3B0663EF572E}.Debug|x64.Build.0 = Debug|x64
		{823B5FFC-56E0-42C0-B0A3-3B0663EF572E}.Debug|x86.ActiveCfg = Debug|Win32
		{823B5FFC-56E0-42C0-B0A3-3B0663EF572E}.Debug|x86.Build.0 = Debug|Win32
		{823B5FFC-56E0-42C0-B0A3-3B0663EF572E}.Release|x64.ActiveCfg = Release|x64
		{823B5FFC-56E0-42C0-B0A3-3B0663EF572E}.Release|x64.Build.0 = Release|x64
		{823B5FFC-56E0-42C0-B0A3-3B0663EF572E}.Release|x86.ActiveCfg = Release|Win32
		{823B5FFC-56E0-42C0-B0A3-3B0663EF572E}.Release|x86.Build.0 = Release|Win32
	EndGlobalSection
	GlobalSection(SolutionProperties) = preSolution
		HideSolutionNode = FALSE
	EndGlobalSection
	GlobalSection(ExtensibilityGlobals) = postSolution
		SolutionGuid = {DA627160-1F17-4E4F-B184-93BECC849DDA}
	EndGlobalSection
EndGlobal
