
Microsoft Visual Studio Solution File, Format Version 12.00
# Visual Studio Version 16
VisualStudioVersion = 16.0.28803.202
MinimumVisualStudioVersion = 10.0.40219.1
Project("{8BC9CEB8-8B4A-11D0-8D11-00A0C91BC942}") = "BOJ_2636", "BOJ_2636\BOJ_2636.vcxproj", "{6C6C6453-3491-49FB-A562-E5E1FC23E676}"
EndProject
Global
	GlobalSection(SolutionConfigurationPlatforms) = preSolution
		Debug|x64 = Debug|x64
		Debug|x86 = Debug|x86
		Release|x64 = Release|x64
		Release|x86 = Release|x86
	EndGlobalSection
	GlobalSection(ProjectConfigurationPlatforms) = postSolution
		{6C6C6453-3491-49FB-A562-E5E1FC23E676}.Debug|x64.ActiveCfg = Debug|x64
		{6C6C6453-3491-49FB-A562-E5E1FC23E676}.Debug|x64.Build.0 = Debug|x64
		{6C6C6453-3491-49FB-A562-E5E1FC23E676}.Debug|x86.ActiveCfg = Debug|Win32
		{6C6C6453-3491-49FB-A562-E5E1FC23E676}.Debug|x86.Build.0 = Debug|Win32
		{6C6C6453-3491-49FB-A562-E5E1FC23E676}.Release|x64.ActiveCfg = Release|x64
		{6C6C6453-3491-49FB-A562-E5E1FC23E676}.Release|x64.Build.0 = Release|x64
		{6C6C6453-3491-49FB-A562-E5E1FC23E676}.Release|x86.ActiveCfg = Release|Win32
		{6C6C6453-3491-49FB-A562-E5E1FC23E676}.Release|x86.Build.0 = Release|Win32
	EndGlobalSection
	GlobalSection(SolutionProperties) = preSolution
		HideSolutionNode = FALSE
	EndGlobalSection
	GlobalSection(ExtensibilityGlobals) = postSolution
		SolutionGuid = {69B0B557-5E7C-4144-8B7B-C7D5359F09A1}
	EndGlobalSection
EndGlobal
