
Microsoft Visual Studio Solution File, Format Version 12.00
# Visual Studio Version 16
VisualStudioVersion = 16.0.28803.202
MinimumVisualStudioVersion = 10.0.40219.1
Project("{8BC9CEB8-8B4A-11D0-8D11-00A0C91BC942}") = "BOJ_11054", "BOJ_11054\BOJ_11054.vcxproj", "{3FF91DBA-1241-4BC9-8E00-196C0A558E67}"
EndProject
Global
	GlobalSection(SolutionConfigurationPlatforms) = preSolution
		Debug|x64 = Debug|x64
		Debug|x86 = Debug|x86
		Release|x64 = Release|x64
		Release|x86 = Release|x86
	EndGlobalSection
	GlobalSection(ProjectConfigurationPlatforms) = postSolution
		{3FF91DBA-1241-4BC9-8E00-196C0A558E67}.Debug|x64.ActiveCfg = Debug|x64
		{3FF91DBA-1241-4BC9-8E00-196C0A558E67}.Debug|x64.Build.0 = Debug|x64
		{3FF91DBA-1241-4BC9-8E00-196C0A558E67}.Debug|x86.ActiveCfg = Debug|Win32
		{3FF91DBA-1241-4BC9-8E00-196C0A558E67}.Debug|x86.Build.0 = Debug|Win32
		{3FF91DBA-1241-4BC9-8E00-196C0A558E67}.Release|x64.ActiveCfg = Release|x64
		{3FF91DBA-1241-4BC9-8E00-196C0A558E67}.Release|x64.Build.0 = Release|x64
		{3FF91DBA-1241-4BC9-8E00-196C0A558E67}.Release|x86.ActiveCfg = Release|Win32
		{3FF91DBA-1241-4BC9-8E00-196C0A558E67}.Release|x86.Build.0 = Release|Win32
	EndGlobalSection
	GlobalSection(SolutionProperties) = preSolution
		HideSolutionNode = FALSE
	EndGlobalSection
	GlobalSection(ExtensibilityGlobals) = postSolution
		SolutionGuid = {B48F9302-7A0A-4568-A25C-5D860DB6A0D0}
	EndGlobalSection
EndGlobal
