
Microsoft Visual Studio Solution File, Format Version 12.00
# Visual Studio Version 16
VisualStudioVersion = 16.0.29418.71
MinimumVisualStudioVersion = 10.0.40219.1
Project("{8BC9CEB8-8B4A-11D0-8D11-00A0C91BC942}") = "BOJ_17825", "BOJ_17825\BOJ_17825.vcxproj", "{77B89C0B-1B8E-400C-9C55-84017E6B0DD7}"
EndProject
Global
	GlobalSection(SolutionConfigurationPlatforms) = preSolution
		Debug|x64 = Debug|x64
		Debug|x86 = Debug|x86
		Release|x64 = Release|x64
		Release|x86 = Release|x86
	EndGlobalSection
	GlobalSection(ProjectConfigurationPlatforms) = postSolution
		{77B89C0B-1B8E-400C-9C55-84017E6B0DD7}.Debug|x64.ActiveCfg = Debug|x64
		{77B89C0B-1B8E-400C-9C55-84017E6B0DD7}.Debug|x64.Build.0 = Debug|x64
		{77B89C0B-1B8E-400C-9C55-84017E6B0DD7}.Debug|x86.ActiveCfg = Debug|Win32
		{77B89C0B-1B8E-400C-9C55-84017E6B0DD7}.Debug|x86.Build.0 = Debug|Win32
		{77B89C0B-1B8E-400C-9C55-84017E6B0DD7}.Release|x64.ActiveCfg = Release|x64
		{77B89C0B-1B8E-400C-9C55-84017E6B0DD7}.Release|x64.Build.0 = Release|x64
		{77B89C0B-1B8E-400C-9C55-84017E6B0DD7}.Release|x86.ActiveCfg = Release|Win32
		{77B89C0B-1B8E-400C-9C55-84017E6B0DD7}.Release|x86.Build.0 = Release|Win32
	EndGlobalSection
	GlobalSection(SolutionProperties) = preSolution
		HideSolutionNode = FALSE
	EndGlobalSection
	GlobalSection(ExtensibilityGlobals) = postSolution
		SolutionGuid = {9348D573-6851-4465-A94D-0DB34BCEE217}
	EndGlobalSection
EndGlobal
