
Microsoft Visual Studio Solution File, Format Version 12.00
# Visual Studio Version 16
VisualStudioVersion = 16.0.28803.202
MinimumVisualStudioVersion = 10.0.40219.1
Project("{8BC9CEB8-8B4A-11D0-8D11-00A0C91BC942}") = "BOJ_10942", "BOJ_10942\BOJ_10942.vcxproj", "{407DD0E0-A593-4011-AEA8-1DF762431DC2}"
EndProject
Project("{8BC9CEB8-8B4A-11D0-8D11-00A0C91BC942}") = "Project1", "Project1\Project1.vcxproj", "{3078E933-CA4E-4D51-ACD8-D8C70E86CC03}"
EndProject
Global
	GlobalSection(SolutionConfigurationPlatforms) = preSolution
		Debug|x64 = Debug|x64
		Debug|x86 = Debug|x86
		Release|x64 = Release|x64
		Release|x86 = Release|x86
	EndGlobalSection
	GlobalSection(ProjectConfigurationPlatforms) = postSolution
		{407DD0E0-A593-4011-AEA8-1DF762431DC2}.Debug|x64.ActiveCfg = Debug|x64
		{407DD0E0-A593-4011-AEA8-1DF762431DC2}.Debug|x64.Build.0 = Debug|x64
		{407DD0E0-A593-4011-AEA8-1DF762431DC2}.Debug|x86.ActiveCfg = Debug|Win32
		{407DD0E0-A593-4011-AEA8-1DF762431DC2}.Debug|x86.Build.0 = Debug|Win32
		{407DD0E0-A593-4011-AEA8-1DF762431DC2}.Release|x64.ActiveCfg = Release|x64
		{407DD0E0-A593-4011-AEA8-1DF762431DC2}.Release|x64.Build.0 = Release|x64
		{407DD0E0-A593-4011-AEA8-1DF762431DC2}.Release|x86.ActiveCfg = Release|Win32
		{407DD0E0-A593-4011-AEA8-1DF762431DC2}.Release|x86.Build.0 = Release|Win32
		{3078E933-CA4E-4D51-ACD8-D8C70E86CC03}.Debug|x64.ActiveCfg = Debug|x64
		{3078E933-CA4E-4D51-ACD8-D8C70E86CC03}.Debug|x64.Build.0 = Debug|x64
		{3078E933-CA4E-4D51-ACD8-D8C70E86CC03}.Debug|x86.ActiveCfg = Debug|Win32
		{3078E933-CA4E-4D51-ACD8-D8C70E86CC03}.Debug|x86.Build.0 = Debug|Win32
		{3078E933-CA4E-4D51-ACD8-D8C70E86CC03}.Release|x64.ActiveCfg = Release|x64
		{3078E933-CA4E-4D51-ACD8-D8C70E86CC03}.Release|x64.Build.0 = Release|x64
		{3078E933-CA4E-4D51-ACD8-D8C70E86CC03}.Release|x86.ActiveCfg = Release|Win32
		{3078E933-CA4E-4D51-ACD8-D8C70E86CC03}.Release|x86.Build.0 = Release|Win32
	EndGlobalSection
	GlobalSection(SolutionProperties) = preSolution
		HideSolutionNode = FALSE
	EndGlobalSection
	GlobalSection(ExtensibilityGlobals) = postSolution
		SolutionGuid = {06003E9E-1C83-4CB8-91A6-258A08FF4650}
	EndGlobalSection
EndGlobal
