
Microsoft Visual Studio Solution File, Format Version 12.00
# Visual Studio Version 16
VisualStudioVersion = 16.0.28803.202
MinimumVisualStudioVersion = 10.0.40219.1
Project("{8BC9CEB8-8B4A-11D0-8D11-00A0C91BC942}") = "SWEA_4012", "SWEA_4012\SWEA_4012.vcxproj", "{34EE9643-9CDD-4512-BDFA-CED00C11E080}"
EndProject
Project("{8BC9CEB8-8B4A-11D0-8D11-00A0C91BC942}") = "Project1", "Project1\Project1.vcxproj", "{8CE9522E-905B-497E-9828-64AF419BE0A5}"
EndProject
Global
	GlobalSection(SolutionConfigurationPlatforms) = preSolution
		Debug|x64 = Debug|x64
		Debug|x86 = Debug|x86
		Release|x64 = Release|x64
		Release|x86 = Release|x86
	EndGlobalSection
	GlobalSection(ProjectConfigurationPlatforms) = postSolution
		{34EE9643-9CDD-4512-BDFA-CED00C11E080}.Debug|x64.ActiveCfg = Debug|x64
		{34EE9643-9CDD-4512-BDFA-CED00C11E080}.Debug|x64.Build.0 = Debug|x64
		{34EE9643-9CDD-4512-BDFA-CED00C11E080}.Debug|x86.ActiveCfg = Debug|Win32
		{34EE9643-9CDD-4512-BDFA-CED00C11E080}.Debug|x86.Build.0 = Debug|Win32
		{34EE9643-9CDD-4512-BDFA-CED00C11E080}.Release|x64.ActiveCfg = Release|x64
		{34EE9643-9CDD-4512-BDFA-CED00C11E080}.Release|x64.Build.0 = Release|x64
		{34EE9643-9CDD-4512-BDFA-CED00C11E080}.Release|x86.ActiveCfg = Release|Win32
		{34EE9643-9CDD-4512-BDFA-CED00C11E080}.Release|x86.Build.0 = Release|Win32
		{8CE9522E-905B-497E-9828-64AF419BE0A5}.Debug|x64.ActiveCfg = Debug|x64
		{8CE9522E-905B-497E-9828-64AF419BE0A5}.Debug|x64.Build.0 = Debug|x64
		{8CE9522E-905B-497E-9828-64AF419BE0A5}.Debug|x86.ActiveCfg = Debug|Win32
		{8CE9522E-905B-497E-9828-64AF419BE0A5}.Debug|x86.Build.0 = Debug|Win32
		{8CE9522E-905B-497E-9828-64AF419BE0A5}.Release|x64.ActiveCfg = Release|x64
		{8CE9522E-905B-497E-9828-64AF419BE0A5}.Release|x64.Build.0 = Release|x64
		{8CE9522E-905B-497E-9828-64AF419BE0A5}.Release|x86.ActiveCfg = Release|Win32
		{8CE9522E-905B-497E-9828-64AF419BE0A5}.Release|x86.Build.0 = Release|Win32
	EndGlobalSection
	GlobalSection(SolutionProperties) = preSolution
		HideSolutionNode = FALSE
	EndGlobalSection
	GlobalSection(ExtensibilityGlobals) = postSolution
		SolutionGuid = {9BCF8D50-1297-4F17-B315-27670AD17FB1}
	EndGlobalSection
EndGlobal
