
Microsoft Visual Studio Solution File, Format Version 12.00
# Visual Studio Version 16
VisualStudioVersion = 16.0.28803.202
MinimumVisualStudioVersion = 10.0.40219.1
Project("{8BC9CEB8-8B4A-11D0-8D11-00A0C91BC942}") = "BOJ_7569", "BOJ_7569\BOJ_7569.vcxproj", "{6C2FD003-5D79-4F84-A9ED-30A71F07F8FA}"
EndProject
Global
	GlobalSection(SolutionConfigurationPlatforms) = preSolution
		Debug|x64 = Debug|x64
		Debug|x86 = Debug|x86
		Release|x64 = Release|x64
		Release|x86 = Release|x86
	EndGlobalSection
	GlobalSection(ProjectConfigurationPlatforms) = postSolution
		{6C2FD003-5D79-4F84-A9ED-30A71F07F8FA}.Debug|x64.ActiveCfg = Debug|x64
		{6C2FD003-5D79-4F84-A9ED-30A71F07F8FA}.Debug|x64.Build.0 = Debug|x64
		{6C2FD003-5D79-4F84-A9ED-30A71F07F8FA}.Debug|x86.ActiveCfg = Debug|Win32
		{6C2FD003-5D79-4F84-A9ED-30A71F07F8FA}.Debug|x86.Build.0 = Debug|Win32
		{6C2FD003-5D79-4F84-A9ED-30A71F07F8FA}.Release|x64.ActiveCfg = Release|x64
		{6C2FD003-5D79-4F84-A9ED-30A71F07F8FA}.Release|x64.Build.0 = Release|x64
		{6C2FD003-5D79-4F84-A9ED-30A71F07F8FA}.Release|x86.ActiveCfg = Release|Win32
		{6C2FD003-5D79-4F84-A9ED-30A71F07F8FA}.Release|x86.Build.0 = Release|Win32
	EndGlobalSection
	GlobalSection(SolutionProperties) = preSolution
		HideSolutionNode = FALSE
	EndGlobalSection
	GlobalSection(ExtensibilityGlobals) = postSolution
		SolutionGuid = {2FBFD47A-FB64-4F63-B979-0EDBF339441B}
	EndGlobalSection
EndGlobal
