
Microsoft Visual Studio Solution File, Format Version 12.00
# Visual Studio Version 16
VisualStudioVersion = 16.0.28803.202
MinimumVisualStudioVersion = 10.0.40219.1
Project("{8BC9CEB8-8B4A-11D0-8D11-00A0C91BC942}") = "BOJ_1967", "BOJ_1967\BOJ_1967.vcxproj", "{20B079FB-EED5-4044-BD7E-440249D36752}"
EndProject
Global
	GlobalSection(SolutionConfigurationPlatforms) = preSolution
		Debug|x64 = Debug|x64
		Debug|x86 = Debug|x86
		Release|x64 = Release|x64
		Release|x86 = Release|x86
	EndGlobalSection
	GlobalSection(ProjectConfigurationPlatforms) = postSolution
		{20B079FB-EED5-4044-BD7E-440249D36752}.Debug|x64.ActiveCfg = Debug|x64
		{20B079FB-EED5-4044-BD7E-440249D36752}.Debug|x64.Build.0 = Debug|x64
		{20B079FB-EED5-4044-BD7E-440249D36752}.Debug|x86.ActiveCfg = Debug|Win32
		{20B079FB-EED5-4044-BD7E-440249D36752}.Debug|x86.Build.0 = Debug|Win32
		{20B079FB-EED5-4044-BD7E-440249D36752}.Release|x64.ActiveCfg = Release|x64
		{20B079FB-EED5-4044-BD7E-440249D36752}.Release|x64.Build.0 = Release|x64
		{20B079FB-EED5-4044-BD7E-440249D36752}.Release|x86.ActiveCfg = Release|Win32
		{20B079FB-EED5-4044-BD7E-440249D36752}.Release|x86.Build.0 = Release|Win32
	EndGlobalSection
	GlobalSection(SolutionProperties) = preSolution
		HideSolutionNode = FALSE
	EndGlobalSection
	GlobalSection(ExtensibilityGlobals) = postSolution
		SolutionGuid = {CCEC01F2-1D81-4DCB-8C0D-0252564D5008}
	EndGlobalSection
EndGlobal
