
Microsoft Visual Studio Solution File, Format Version 12.00
# Visual Studio Version 16
VisualStudioVersion = 16.0.28803.202
MinimumVisualStudioVersion = 10.0.40219.1
Project("{8BC9CEB8-8B4A-11D0-8D11-00A0C91BC942}") = "SWEA_04366", "SWEA_04366\SWEA_04366.vcxproj", "{F35A3D50-032D-4A1A-8E5C-0715E8F04F49}"
EndProject
Global
	GlobalSection(SolutionConfigurationPlatforms) = preSolution
		Debug|x64 = Debug|x64
		Debug|x86 = Debug|x86
		Release|x64 = Release|x64
		Release|x86 = Release|x86
	EndGlobalSection
	GlobalSection(ProjectConfigurationPlatforms) = postSolution
		{F35A3D50-032D-4A1A-8E5C-0715E8F04F49}.Debug|x64.ActiveCfg = Debug|x64
		{F35A3D50-032D-4A1A-8E5C-0715E8F04F49}.Debug|x64.Build.0 = Debug|x64
		{F35A3D50-032D-4A1A-8E5C-0715E8F04F49}.Debug|x86.ActiveCfg = Debug|Win32
		{F35A3D50-032D-4A1A-8E5C-0715E8F04F49}.Debug|x86.Build.0 = Debug|Win32
		{F35A3D50-032D-4A1A-8E5C-0715E8F04F49}.Release|x64.ActiveCfg = Release|x64
		{F35A3D50-032D-4A1A-8E5C-0715E8F04F49}.Release|x64.Build.0 = Release|x64
		{F35A3D50-032D-4A1A-8E5C-0715E8F04F49}.Release|x86.ActiveCfg = Release|Win32
		{F35A3D50-032D-4A1A-8E5C-0715E8F04F49}.Release|x86.Build.0 = Release|Win32
	EndGlobalSection
	GlobalSection(SolutionProperties) = preSolution
		HideSolutionNode = FALSE
	EndGlobalSection
	GlobalSection(ExtensibilityGlobals) = postSolution
		SolutionGuid = {D6EA019C-6FDE-4321-AB8C-A52B3121D2C5}
	EndGlobalSection
EndGlobal
