
Microsoft Visual Studio Solution File, Format Version 12.00
# Visual Studio Version 16
VisualStudioVersion = 16.0.28803.202
MinimumVisualStudioVersion = 10.0.40219.1
Project("{8BC9CEB8-8B4A-11D0-8D11-00A0C91BC942}") = "BOJ_02206", "BOJ_02206\BOJ_02206.vcxproj", "{2EFC6491-DE47-4C07-8F9B-8AE0CCB812C3}"
EndProject
Global
	GlobalSection(SolutionConfigurationPlatforms) = preSolution
		Debug|x64 = Debug|x64
		Debug|x86 = Debug|x86
		Release|x64 = Release|x64
		Release|x86 = Release|x86
	EndGlobalSection
	GlobalSection(ProjectConfigurationPlatforms) = postSolution
		{2EFC6491-DE47-4C07-8F9B-8AE0CCB812C3}.Debug|x64.ActiveCfg = Debug|x64
		{2EFC6491-DE47-4C07-8F9B-8AE0CCB812C3}.Debug|x64.Build.0 = Debug|x64
		{2EFC6491-DE47-4C07-8F9B-8AE0CCB812C3}.Debug|x86.ActiveCfg = Debug|Win32
		{2EFC6491-DE47-4C07-8F9B-8AE0CCB812C3}.Debug|x86.Build.0 = Debug|Win32
		{2EFC6491-DE47-4C07-8F9B-8AE0CCB812C3}.Release|x64.ActiveCfg = Release|x64
		{2EFC6491-DE47-4C07-8F9B-8AE0CCB812C3}.Release|x64.Build.0 = Release|x64
		{2EFC6491-DE47-4C07-8F9B-8AE0CCB812C3}.Release|x86.ActiveCfg = Release|Win32
		{2EFC6491-DE47-4C07-8F9B-8AE0CCB812C3}.Release|x86.Build.0 = Release|Win32
	EndGlobalSection
	GlobalSection(SolutionProperties) = preSolution
		HideSolutionNode = FALSE
	EndGlobalSection
	GlobalSection(ExtensibilityGlobals) = postSolution
		SolutionGuid = {5650C3E5-646B-4A7E-BFF7-742D2D004BE2}
	EndGlobalSection
EndGlobal
