
Microsoft Visual Studio Solution File, Format Version 12.00
# Visual Studio Version 16
VisualStudioVersion = 16.0.28803.202
MinimumVisualStudioVersion = 10.0.40219.1
Project("{8BC9CEB8-8B4A-11D0-8D11-00A0C91BC942}") = "BOJ_2096", "BOJ_2096\BOJ_2096.vcxproj", "{F707D80F-DD5E-48AE-B9C3-7B88F84C8A65}"
EndProject
Global
	GlobalSection(SolutionConfigurationPlatforms) = preSolution
		Debug|x64 = Debug|x64
		Debug|x86 = Debug|x86
		Release|x64 = Release|x64
		Release|x86 = Release|x86
	EndGlobalSection
	GlobalSection(ProjectConfigurationPlatforms) = postSolution
		{F707D80F-DD5E-48AE-B9C3-7B88F84C8A65}.Debug|x64.ActiveCfg = Debug|x64
		{F707D80F-DD5E-48AE-B9C3-7B88F84C8A65}.Debug|x64.Build.0 = Debug|x64
		{F707D80F-DD5E-48AE-B9C3-7B88F84C8A65}.Debug|x86.ActiveCfg = Debug|Win32
		{F707D80F-DD5E-48AE-B9C3-7B88F84C8A65}.Debug|x86.Build.0 = Debug|Win32
		{F707D80F-DD5E-48AE-B9C3-7B88F84C8A65}.Release|x64.ActiveCfg = Release|x64
		{F707D80F-DD5E-48AE-B9C3-7B88F84C8A65}.Release|x64.Build.0 = Release|x64
		{F707D80F-DD5E-48AE-B9C3-7B88F84C8A65}.Release|x86.ActiveCfg = Release|Win32
		{F707D80F-DD5E-48AE-B9C3-7B88F84C8A65}.Release|x86.Build.0 = Release|Win32
	EndGlobalSection
	GlobalSection(SolutionProperties) = preSolution
		HideSolutionNode = FALSE
	EndGlobalSection
	GlobalSection(ExtensibilityGlobals) = postSolution
		SolutionGuid = {F55E4AE6-909C-4325-A73F-F9A021D10D21}
	EndGlobalSection
EndGlobal
