
Microsoft Visual Studio Solution File, Format Version 12.00
# Visual Studio Version 16
VisualStudioVersion = 16.0.28803.202
MinimumVisualStudioVersion = 10.0.40219.1
Project("{8BC9CEB8-8B4A-11D0-8D11-00A0C91BC942}") = "BOJ_14499", "BOJ_14499\BOJ_14499.vcxproj", "{5E826883-FAB7-47A4-9B2C-1F5A7BB1D39B}"
EndProject
Project("{8BC9CEB8-8B4A-11D0-8D11-00A0C91BC942}") = "Project1", "Project1\Project1.vcxproj", "{9E5A3844-42CB-445A-AB36-FCE9D7F55917}"
EndProject
Project("{8BC9CEB8-8B4A-11D0-8D11-00A0C91BC942}") = "Project2", "Project2\Project2.vcxproj", "{B82ECAE7-FF53-4B04-BAE9-0F4E0A64A709}"
EndProject
Global
	GlobalSection(SolutionConfigurationPlatforms) = preSolution
		Debug|x64 = Debug|x64
		Debug|x86 = Debug|x86
		Release|x64 = Release|x64
		Release|x86 = Release|x86
	EndGlobalSection
	GlobalSection(ProjectConfigurationPlatforms) = postSolution
		{5E826883-FAB7-47A4-9B2C-1F5A7BB1D39B}.Debug|x64.ActiveCfg = Debug|x64
		{5E826883-FAB7-47A4-9B2C-1F5A7BB1D39B}.Debug|x64.Build.0 = Debug|x64
		{5E826883-FAB7-47A4-9B2C-1F5A7BB1D39B}.Debug|x86.ActiveCfg = Debug|Win32
		{5E826883-FAB7-47A4-9B2C-1F5A7BB1D39B}.Debug|x86.Build.0 = Debug|Win32
		{5E826883-FAB7-47A4-9B2C-1F5A7BB1D39B}.Release|x64.ActiveCfg = Release|x64
		{5E826883-FAB7-47A4-9B2C-1F5A7BB1D39B}.Release|x64.Build.0 = Release|x64
		{5E826883-FAB7-47A4-9B2C-1F5A7BB1D39B}.Release|x86.ActiveCfg = Release|Win32
		{5E826883-FAB7-47A4-9B2C-1F5A7BB1D39B}.Release|x86.Build.0 = Release|Win32
		{9E5A3844-42CB-445A-AB36-FCE9D7F55917}.Debug|x64.ActiveCfg = Debug|x64
		{9E5A3844-42CB-445A-AB36-FCE9D7F55917}.Debug|x64.Build.0 = Debug|x64
		{9E5A3844-42CB-445A-AB36-FCE9D7F55917}.Debug|x86.ActiveCfg = Debug|Win32
		{9E5A3844-42CB-445A-AB36-FCE9D7F55917}.Debug|x86.Build.0 = Debug|Win32
		{9E5A3844-42CB-445A-AB36-FCE9D7F55917}.Release|x64.ActiveCfg = Release|x64
		{9E5A3844-42CB-445A-AB36-FCE9D7F55917}.Release|x64.Build.0 = Release|x64
		{9E5A3844-42CB-445A-AB36-FCE9D7F55917}.Release|x86.ActiveCfg = Release|Win32
		{9E5A3844-42CB-445A-AB36-FCE9D7F55917}.Release|x86.Build.0 = Release|Win32
		{B82ECAE7-FF53-4B04-BAE9-0F4E0A64A709}.Debug|x64.ActiveCfg = Debug|x64
		{B82ECAE7-FF53-4B04-BAE9-0F4E0A64A709}.Debug|x64.Build.0 = Debug|x64
		{B82ECAE7-FF53-4B04-BAE9-0F4E0A64A709}.Debug|x86.ActiveCfg = Debug|Win32
		{B82ECAE7-FF53-4B04-BAE9-0F4E0A64A709}.Debug|x86.Build.0 = Debug|Win32
		{B82ECAE7-FF53-4B04-BAE9-0F4E0A64A709}.Release|x64.ActiveCfg = Release|x64
		{B82ECAE7-FF53-4B04-BAE9-0F4E0A64A709}.Release|x64.Build.0 = Release|x64
		{B82ECAE7-FF53-4B04-BAE9-0F4E0A64A709}.Release|x86.ActiveCfg = Release|Win32
		{B82ECAE7-FF53-4B04-BAE9-0F4E0A64A709}.Release|x86.Build.0 = Release|Win32
	EndGlobalSection
	GlobalSection(SolutionProperties) = preSolution
		HideSolutionNode = FALSE
	EndGlobalSection
	GlobalSection(ExtensibilityGlobals) = postSolution
		SolutionGuid = {16E80917-F971-4719-9565-F9BA41561AC2}
	EndGlobalSection
EndGlobal
