
Microsoft Visual Studio Solution File, Format Version 12.00
# Visual Studio Version 16
VisualStudioVersion = 16.0.28803.202
MinimumVisualStudioVersion = 10.0.40219.1
Project("{8BC9CEB8-8B4A-11D0-8D11-00A0C91BC942}") = "boj_2151", "boj_2151\boj_2151.vcxproj", "{803A842C-F08A-4037-807B-B853A01E3B2D}"
EndProject
Global
	GlobalSection(SolutionConfigurationPlatforms) = preSolution
		Debug|x64 = Debug|x64
		Debug|x86 = Debug|x86
		Release|x64 = Release|x64
		Release|x86 = Release|x86
	EndGlobalSection
	GlobalSection(ProjectConfigurationPlatforms) = postSolution
		{803A842C-F08A-4037-807B-B853A01E3B2D}.Debug|x64.ActiveCfg = Debug|x64
		{803A842C-F08A-4037-807B-B853A01E3B2D}.Debug|x64.Build.0 = Debug|x64
		{803A842C-F08A-4037-807B-B853A01E3B2D}.Debug|x86.ActiveCfg = Debug|Win32
		{803A842C-F08A-4037-807B-B853A01E3B2D}.Debug|x86.Build.0 = Debug|Win32
		{803A842C-F08A-4037-807B-B853A01E3B2D}.Release|x64.ActiveCfg = Release|x64
		{803A842C-F08A-4037-807B-B853A01E3B2D}.Release|x64.Build.0 = Release|x64
		{803A842C-F08A-4037-807B-B853A01E3B2D}.Release|x86.ActiveCfg = Release|Win32
		{803A842C-F08A-4037-807B-B853A01E3B2D}.Release|x86.Build.0 = Release|Win32
	EndGlobalSection
	GlobalSection(SolutionProperties) = preSolution
		HideSolutionNode = FALSE
	EndGlobalSection
	GlobalSection(ExtensibilityGlobals) = postSolution
		SolutionGuid = {A593DD67-B979-437F-9A20-0074BF73C3B5}
	EndGlobalSection
EndGlobal
