
Microsoft Visual Studio Solution File, Format Version 12.00
# Visual Studio Version 16
VisualStudioVersion = 16.0.28803.202
MinimumVisualStudioVersion = 10.0.40219.1
Project("{8BC9CEB8-8B4A-11D0-8D11-00A0C91BC942}") = "SWEA_3349", "SWEA_3349\SWEA_3349.vcxproj", "{7FD0388D-B3AC-4D89-924F-CF6C7A3622FD}"
EndProject
Project("{8BC9CEB8-8B4A-11D0-8D11-00A0C91BC942}") = "Project1", "Project1\Project1.vcxproj", "{718C57CE-EC98-4A7B-A84E-A5F194840FFA}"
EndProject
Project("{8BC9CEB8-8B4A-11D0-8D11-00A0C91BC942}") = "Project2", "Project2\Project2.vcxproj", "{31C3852D-C389-4FEC-A8B7-E99E9375F275}"
EndProject
Global
	GlobalSection(SolutionConfigurationPlatforms) = preSolution
		Debug|x64 = Debug|x64
		Debug|x86 = Debug|x86
		Release|x64 = Release|x64
		Release|x86 = Release|x86
	EndGlobalSection
	GlobalSection(ProjectConfigurationPlatforms) = postSolution
		{7FD0388D-B3AC-4D89-924F-CF6C7A3622FD}.Debug|x64.ActiveCfg = Debug|x64
		{7FD0388D-B3AC-4D89-924F-CF6C7A3622FD}.Debug|x64.Build.0 = Debug|x64
		{7FD0388D-B3AC-4D89-924F-CF6C7A3622FD}.Debug|x86.ActiveCfg = Debug|Win32
		{7FD0388D-B3AC-4D89-924F-CF6C7A3622FD}.Debug|x86.Build.0 = Debug|Win32
		{7FD0388D-B3AC-4D89-924F-CF6C7A3622FD}.Release|x64.ActiveCfg = Release|x64
		{7FD0388D-B3AC-4D89-924F-CF6C7A3622FD}.Release|x64.Build.0 = Release|x64
		{7FD0388D-B3AC-4D89-924F-CF6C7A3622FD}.Release|x86.ActiveCfg = Release|Win32
		{7FD0388D-B3AC-4D89-924F-CF6C7A3622FD}.Release|x86.Build.0 = Release|Win32
		{718C57CE-EC98-4A7B-A84E-A5F194840FFA}.Debug|x64.ActiveCfg = Debug|x64
		{718C57CE-EC98-4A7B-A84E-A5F194840FFA}.Debug|x64.Build.0 = Debug|x64
		{718C57CE-EC98-4A7B-A84E-A5F194840FFA}.Debug|x86.ActiveCfg = Debug|Win32
		{718C57CE-EC98-4A7B-A84E-A5F194840FFA}.Debug|x86.Build.0 = Debug|Win32
		{718C57CE-EC98-4A7B-A84E-A5F194840FFA}.Release|x64.ActiveCfg = Release|x64
		{718C57CE-EC98-4A7B-A84E-A5F194840FFA}.Release|x64.Build.0 = Release|x64
		{718C57CE-EC98-4A7B-A84E-A5F194840FFA}.Release|x86.ActiveCfg = Release|Win32
		{718C57CE-EC98-4A7B-A84E-A5F194840FFA}.Release|x86.Build.0 = Release|Win32
		{31C3852D-C389-4FEC-A8B7-E99E9375F275}.Debug|x64.ActiveCfg = Debug|x64
		{31C3852D-C389-4FEC-A8B7-E99E9375F275}.Debug|x64.Build.0 = Debug|x64
		{31C3852D-C389-4FEC-A8B7-E99E9375F275}.Debug|x86.ActiveCfg = Debug|Win32
		{31C3852D-C389-4FEC-A8B7-E99E9375F275}.Debug|x86.Build.0 = Debug|Win32
		{31C3852D-C389-4FEC-A8B7-E99E9375F275}.Release|x64.ActiveCfg = Release|x64
		{31C3852D-C389-4FEC-A8B7-E99E9375F275}.Release|x64.Build.0 = Release|x64
		{31C3852D-C389-4FEC-A8B7-E99E9375F275}.Release|x86.ActiveCfg = Release|Win32
		{31C3852D-C389-4FEC-A8B7-E99E9375F275}.Release|x86.Build.0 = Release|Win32
	EndGlobalSection
	GlobalSection(SolutionProperties) = preSolution
		HideSolutionNode = FALSE
	EndGlobalSection
	GlobalSection(ExtensibilityGlobals) = postSolution
		SolutionGuid = {35421BFE-1661-4BF9-8A6C-F8FC0925CA3C}
	EndGlobalSection
EndGlobal
